Microsoft Visual Studio Solution File, Format Version 12.00
# Visual Studio 14
VisualStudioVersion = 14.0.25420.1
MinimumVisualStudioVersion = 10.0.40219.1
Project("{2150E333-8FDC-42A3-9474-1A3956D46DE8}") = "CMakePredefinedTargets", "CMakePredefinedTargets", "{810299B7-A13F-3D89-B623-379B549BB79B}"
EndProject
Project("{2150E333-8FDC-42A3-9474-1A3956D46DE8}") = "GLFW3", "GLFW3", "{9F7FAE01-DFA4-3B7A-B92D-35D3790796BC}"
EndProject
Project("{2150E333-8FDC-42A3-9474-1A3956D46DE8}") = "Examples", "Examples", "{1F098D90-0D7D-3317-ACD5-2BC06EC453A4}"
EndProject
Project("{2150E333-8FDC-42A3-9474-1A3956D46DE8}") = "Tests", "Tests", "{9062622A-80F4-372B-AE07-4761A15F1D2F}"
EndProject
Project("{8BC9CEB8-8B4A-11D0-8D11-00A0C91BC942}") = "ALL_BUILD", "ALL_BUILD.vcxproj", "{1804603B-99CC-3756-8698-26136F8CE5E0}"
	ProjectSection(ProjectDependencies) = postProject
		{FF07E5A2-F4F2-3E93-A271-CBAFD2083431} = {FF07E5A2-F4F2-3E93-A271-CBAFD2083431}
		{6384DE91-6346-395F-ACFB-AFFD2EFDA989} = {6384DE91-6346-395F-ACFB-AFFD2EFDA989}
		{19253E23-4D46-341F-9618-1D7AA4E089ED} = {19253E23-4D46-341F-9618-1D7AA4E089ED}
		{F3C97238-039A-3C7C-8569-CCBE8C4DDF26} = {F3C97238-039A-3C7C-8569-CCBE8C4DDF26}
		{1CBDD437-8992-39FD-9E9E-EA63B86B86B5} = {1CBDD437-8992-39FD-9E9E-EA63B86B86B5}
		{D521BED8-5D45-324B-83F5-20D18C336889} = {D521BED8-5D45-324B-83F5-20D18C336889}
		{3677C993-A30F-3CE0-9C8D-3A66CD6005DE} = {3677C993-A30F-3CE0-9C8D-3A66CD6005DE}
		{B538E28E-E108-3876-81B2-C88901545D8F} = {B538E28E-E108-3876-81B2-C88901545D8F}
		{01649C4A-9219-37F6-9711-229C69446E1A} = {01649C4A-9219-37F6-9711-229C69446E1A}
		{874DF05E-E365-32A2-A734-F6298C7C0BDA} = {874DF05E-E365-32A2-A734-F6298C7C0BDA}
		{A4574088-F2FB-328D-883E-EBDC8BB60F99} = {A4574088-F2FB-328D-883E-EBDC8BB60F99}
		{19585C79-48F5-3031-AFF4-0323BC8D4D7B} = {19585C79-48F5-3031-AFF4-0323BC8D4D7B}
		{E381F944-9186-3509-9404-81893A6453F6} = {E381F944-9186-3509-9404-81893A6453F6}
		{53C16D8E-AD56-3712-979B-83095763DBBB} = {53C16D8E-AD56-3712-979B-83095763DBBB}
		{E51A58E0-0872-3046-AA00-5468B64BFDE4} = {E51A58E0-0872-3046-AA00-5468B64BFDE4}
		{502DA5EF-846F-34A6-A02A-6108894A0B2B} = {502DA5EF-846F-34A6-A02A-6108894A0B2B}
		{877BA258-B8ED-3361-8A7D-53EA81D72FDF} = {877BA258-B8ED-3361-8A7D-53EA81D72FDF}
		{98797060-19E6-3625-A2E4-CF5E669D039F} = {98797060-19E6-3625-A2E4-CF5E669D039F}
		{F9EB1390-1CA0-3B47-AE0F-38BD755C367C} = {F9EB1390-1CA0-3B47-AE0F-38BD755C367C}
		{88C6086B-68B5-3848-BDE1-3BA70D5CB737} = {88C6086B-68B5-3848-BDE1-3BA70D5CB737}
		{FF160F43-B726-38EB-B734-94D24A442DBD} = {FF160F43-B726-38EB-B734-94D24A442DBD}
		{627F5795-AB36-3914-8D92-AB897152DC9A} = {627F5795-AB36-3914-8D92-AB897152DC9A}
		{B70E17D5-700D-3D15-8D87-5FCCE51C1D8A} = {B70E17D5-700D-3D15-8D87-5FCCE51C1D8A}
		{250C105E-A649-37D7-883D-2E671E66D864} = {250C105E-A649-37D7-883D-2E671E66D864}
		{DFE282BA-A778-39D2-A39C-C2F9D38A80B6} = {DFE282BA-A778-39D2-A39C-C2F9D38A80B6}
		{3E73E836-B0B8-3782-BA35-AB3403C0D27A} = {3E73E836-B0B8-3782-BA35-AB3403C0D27A}
		{6520831B-A48A-3E44-B881-F11F1718FA49} = {6520831B-A48A-3E44-B881-F11F1718FA49}
	EndProjectSection
EndProject
Project("{8BC9CEB8-8B4A-11D0-8D11-00A0C91BC942}") = "INSTALL", "INSTALL.vcxproj", "{69FB4579-F285-33FC-8AEB-319F91669298}"
	ProjectSection(ProjectDependencies) = postProject
		{1804603B-99CC-3756-8698-26136F8CE5E0} = {1804603B-99CC-3756-8698-26136F8CE5E0}
		{FF07E5A2-F4F2-3E93-A271-CBAFD2083431} = {FF07E5A2-F4F2-3E93-A271-CBAFD2083431}
	EndProjectSection
EndProject
Project("{8BC9CEB8-8B4A-11D0-8D11-00A0C91BC942}") = "ZERO_CHECK", "ZERO_CHECK.vcxproj", "{FF07E5A2-F4F2-3E93-A271-CBAFD2083431}"
EndProject
Project("{8BC9CEB8-8B4A-11D0-8D11-00A0C91BC942}") = "boing", "examples\boing.vcxproj", "{6384DE91-6346-395F-ACFB-AFFD2EFDA989}"
	ProjectSection(ProjectDependencies) = postProject
		{FF07E5A2-F4F2-3E93-A271-CBAFD2083431} = {FF07E5A2-F4F2-3E93-A271-CBAFD2083431}
		{01649C4A-9219-37F6-9711-229C69446E1A} = {01649C4A-9219-37F6-9711-229C69446E1A}
	EndProjectSection
EndProject
Project("{8BC9CEB8-8B4A-11D0-8D11-00A0C91BC942}") = "clipboard", "tests\clipboard.vcxproj", "{19253E23-4D46-341F-9618-1D7AA4E089ED}"
	ProjectSection(ProjectDependencies) = postProject
		{FF07E5A2-F4F2-3E93-A271-CBAFD2083431} = {FF07E5A2-F4F2-3E93-A271-CBAFD2083431}
		{01649C4A-9219-37F6-9711-229C69446E1A} = {01649C4A-9219-37F6-9711-229C69446E1A}
	EndProjectSection
EndProject
Project("{8BC9CEB8-8B4A-11D0-8D11-00A0C91BC942}") = "cursor", "tests\cursor.vcxproj", "{F3C97238-039A-3C7C-8569-CCBE8C4DDF26}"
	ProjectSection(ProjectDependencies) = postProject
		{FF07E5A2-F4F2-3E93-A271-CBAFD2083431} = {FF07E5A2-F4F2-3E93-A271-CBAFD2083431}
		{01649C4A-9219-37F6-9711-229C69446E1A} = {01649C4A-9219-37F6-9711-229C69446E1A}
	EndProjectSection
EndProject
Project("{8BC9CEB8-8B4A-11D0-8D11-00A0C91BC942}") = "empty", "tests\empty.vcxproj", "{1CBDD437-8992-39FD-9E9E-EA63B86B86B5}"
	ProjectSection(ProjectDependencies) = postProject
		{FF07E5A2-F4F2-3E93-A271-CBAFD2083431} = {FF07E5A2-F4F2-3E93-A271-CBAFD2083431}
		{01649C4A-9219-37F6-9711-229C69446E1A} = {01649C4A-9219-37F6-9711-229C69446E1A}
	EndProjectSection
EndProject
Project("{8BC9CEB8-8B4A-11D0-8D11-00A0C91BC942}") = "events", "tests\events.vcxproj", "{D521BED8-5D45-324B-83F5-20D18C336889}"
	ProjectSection(ProjectDependencies) = postProject
		{FF07E5A2-F4F2-3E93-A271-CBAFD2083431} = {FF07E5A2-F4F2-3E93-A271-CBAFD2083431}
		{01649C4A-9219-37F6-9711-229C69446E1A} = {01649C4A-9219-37F6-9711-229C69446E1A}
	EndProjectSection
EndProject
Project("{8BC9CEB8-8B4A-11D0-8D11-00A0C91BC942}") = "gamma", "tests\gamma.vcxproj", "{3677C993-A30F-3CE0-9C8D-3A66CD6005DE}"
	ProjectSection(ProjectDependencies) = postProject
		{FF07E5A2-F4F2-3E93-A271-CBAFD2083431} = {FF07E5A2-F4F2-3E93-A271-CBAFD2083431}
		{01649C4A-9219-37F6-9711-229C69446E1A} = {01649C4A-9219-37F6-9711-229C69446E1A}
	EndProjectSection
EndProject
Project("{8BC9CEB8-8B4A-11D0-8D11-00A0C91BC942}") = "gears", "examples\gears.vcxproj", "{B538E28E-E108-3876-81B2-C88901545D8F}"
	ProjectSection(ProjectDependencies) = postProject
		{FF07E5A2-F4F2-3E93-A271-CBAFD2083431} = {FF07E5A2-F4F2-3E93-A271-CBAFD2083431}
		{01649C4A-9219-37F6-9711-229C69446E1A} = {01649C4A-9219-37F6-9711-229C69446E1A}
	EndProjectSection
EndProject
Project("{8BC9CEB8-8B4A-11D0-8D11-00A0C91BC942}") = "glfw", "src\glfw.vcxproj", "{01649C4A-9219-37F6-9711-229C69446E1A}"
	ProjectSection(ProjectDependencies) = postProject
		{FF07E5A2-F4F2-3E93-A271-CBAFD2083431} = {FF07E5A2-F4F2-3E93-A271-CBAFD2083431}
	EndProjectSection
EndProject
Project("{8BC9CEB8-8B4A-11D0-8D11-00A0C91BC942}") = "glfwinfo", "tests\glfwinfo.vcxproj", "{874DF05E-E365-32A2-A734-F6298C7C0BDA}"
	ProjectSection(ProjectDependencies) = postProject
		{FF07E5A2-F4F2-3E93-A271-CBAFD2083431} = {FF07E5A2-F4F2-3E93-A271-CBAFD2083431}
		{01649C4A-9219-37F6-9711-229C69446E1A} = {01649C4A-9219-37F6-9711-229C69446E1A}
	EndProjectSection
EndProject
Project("{8BC9CEB8-8B4A-11D0-8D11-00A0C91BC942}") = "heightmap", "examples\heightmap.vcxproj", "{A4574088-F2FB-328D-883E-EBDC8BB60F99}"
	ProjectSection(ProjectDependencies) = postProject
		{FF07E5A2-F4F2-3E93-A271-CBAFD2083431} = {FF07E5A2-F4F2-3E93-A271-CBAFD2083431}
		{01649C4A-9219-37F6-9711-229C69446E1A} = {01649C4A-9219-37F6-9711-229C69446E1A}
	EndProjectSection
EndProject
Project("{8BC9CEB8-8B4A-11D0-8D11-00A0C91BC942}") = "icon", "tests\icon.vcxproj", "{19585C79-48F5-3031-AFF4-0323BC8D4D7B}"
	ProjectSection(ProjectDependencies) = postProject
		{FF07E5A2-F4F2-3E93-A271-CBAFD2083431} = {FF07E5A2-F4F2-3E93-A271-CBAFD2083431}
		{01649C4A-9219-37F6-9711-229C69446E1A} = {01649C4A-9219-37F6-9711-229C69446E1A}
	EndProjectSection
EndProject
Project("{8BC9CEB8-8B4A-11D0-8D11-00A0C91BC942}") = "iconify", "tests\iconify.vcxproj", "{E381F944-9186-3509-9404-81893A6453F6}"
	ProjectSection(ProjectDependencies) = postProject
		{FF07E5A2-F4F2-3E93-A271-CBAFD2083431} = {FF07E5A2-F4F2-3E93-A271-CBAFD2083431}
		{01649C4A-9219-37F6-9711-229C69446E1A} = {01649C4A-9219-37F6-9711-229C69446E1A}
	EndProjectSection
EndProject
Project("{8BC9CEB8-8B4A-11D0-8D11-00A0C91BC942}") = "joysticks", "tests\joysticks.vcxproj", "{53C16D8E-AD56-3712-979B-83095763DBBB}"
	ProjectSection(ProjectDependencies) = postProject
		{FF07E5A2-F4F2-3E93-A271-CBAFD2083431} = {FF07E5A2-F4F2-3E93-A271-CBAFD2083431}
		{01649C4A-9219-37F6-9711-229C69446E1A} = {01649C4A-9219-37F6-9711-229C69446E1A}
	EndProjectSection
EndProject
Project("{8BC9CEB8-8B4A-11D0-8D11-00A0C91BC942}") = "monitors", "tests\monitors.vcxproj", "{E51A58E0-0872-3046-AA00-5468B64BFDE4}"
	ProjectSection(ProjectDependencies) = postProject
		{FF07E5A2-F4F2-3E93-A271-CBAFD2083431} = {FF07E5A2-F4F2-3E93-A271-CBAFD2083431}
		{01649C4A-9219-37F6-9711-229C69446E1A} = {01649C4A-9219-37F6-9711-229C69446E1A}
	EndProjectSection
EndProject
Project("{8BC9CEB8-8B4A-11D0-8D11-00A0C91BC942}") = "msaa", "tests\msaa.vcxproj", "{502DA5EF-846F-34A6-A02A-6108894A0B2B}"
	ProjectSection(ProjectDependencies) = postProject
		{FF07E5A2-F4F2-3E93-A271-CBAFD2083431} = {FF07E5A2-F4F2-3E93-A271-CBAFD2083431}
		{01649C4A-9219-37F6-9711-229C69446E1A} = {01649C4A-9219-37F6-9711-229C69446E1A}
	EndProjectSection
EndProject
Project("{8BC9CEB8-8B4A-11D0-8D11-00A0C91BC942}") = "particles", "examples\particles.vcxproj", "{877BA258-B8ED-3361-8A7D-53EA81D72FDF}"
	ProjectSection(ProjectDependencies) = postProject
		{FF07E5A2-F4F2-3E93-A271-CBAFD2083431} = {FF07E5A2-F4F2-3E93-A271-CBAFD2083431}
		{01649C4A-9219-37F6-9711-229C69446E1A} = {01649C4A-9219-37F6-9711-229C69446E1A}
	EndProjectSection
EndProject
Project("{8BC9CEB8-8B4A-11D0-8D11-00A0C91BC942}") = "reopen", "tests\reopen.vcxproj", "{98797060-19E6-3625-A2E4-CF5E669D039F}"
	ProjectSection(ProjectDependencies) = postProject
		{FF07E5A2-F4F2-3E93-A271-CBAFD2083431} = {FF07E5A2-F4F2-3E93-A271-CBAFD2083431}
		{01649C4A-9219-37F6-9711-229C69446E1A} = {01649C4A-9219-37F6-9711-229C69446E1A}
	EndProjectSection
EndProject
Project("{8BC9CEB8-8B4A-11D0-8D11-00A0C91BC942}") = "sharing", "tests\sharing.vcxproj", "{F9EB1390-1CA0-3B47-AE0F-38BD755C367C}"
	ProjectSection(ProjectDependencies) = postProject
		{FF07E5A2-F4F2-3E93-A271-CBAFD2083431} = {FF07E5A2-F4F2-3E93-A271-CBAFD2083431}
		{01649C4A-9219-37F6-9711-229C69446E1A} = {01649C4A-9219-37F6-9711-229C69446E1A}
	EndProjectSection
EndProject
Project("{8BC9CEB8-8B4A-11D0-8D11-00A0C91BC942}") = "simple", "examples\simple.vcxproj", "{88C6086B-68B5-3848-BDE1-3BA70D5CB737}"
	ProjectSection(ProjectDependencies) = postProject
		{FF07E5A2-F4F2-3E93-A271-CBAFD2083431} = {FF07E5A2-F4F2-3E93-A271-CBAFD2083431}
		{01649C4A-9219-37F6-9711-229C69446E1A} = {01649C4A-9219-37F6-9711-229C69446E1A}
	EndProjectSection
EndProject
Project("{8BC9CEB8-8B4A-11D0-8D11-00A0C91BC942}") = "splitview", "examples\splitview.vcxproj", "{FF160F43-B726-38EB-B734-94D24A442DBD}"
	ProjectSection(ProjectDependencies) = postProject
		{FF07E5A2-F4F2-3E93-A271-CBAFD2083431} = {FF07E5A2-F4F2-3E93-A271-CBAFD2083431}
		{01649C4A-9219-37F6-9711-229C69446E1A} = {01649C4A-9219-37F6-9711-229C69446E1A}
	EndProjectSection
EndProject
Project("{8BC9CEB8-8B4A-11D0-8D11-00A0C91BC942}") = "tearing", "tests\tearing.vcxproj", "{627F5795-AB36-3914-8D92-AB897152DC9A}"
	ProjectSection(ProjectDependencies) = postProject
		{FF07E5A2-F4F2-3E93-A271-CBAFD2083431} = {FF07E5A2-F4F2-3E93-A271-CBAFD2083431}
		{01649C4A-9219-37F6-9711-229C69446E1A} = {01649C4A-9219-37F6-9711-229C69446E1A}
	EndProjectSection
EndProject
Project("{8BC9CEB8-8B4A-11D0-8D11-00A0C91BC942}") = "threads", "tests\threads.vcxproj", "{B70E17D5-700D-3D15-8D87-5FCCE51C1D8A}"
	ProjectSection(ProjectDependencies) = postProject
		{FF07E5A2-F4F2-3E93-A271-CBAFD2083431} = {FF07E5A2-F4F2-3E93-A271-CBAFD2083431}
		{01649C4A-9219-37F6-9711-229C69446E1A} = {01649C4A-9219-37F6-9711-229C69446E1A}
	EndProjectSection
EndProject
Project("{8BC9CEB8-8B4A-11D0-8D11-00A0C91BC942}") = "timeout", "tests\timeout.vcxproj", "{250C105E-A649-37D7-883D-2E671E66D864}"
	ProjectSection(ProjectDependencies) = postProject
		{FF07E5A2-F4F2-3E93-A271-CBAFD2083431} = {FF07E5A2-F4F2-3E93-A271-CBAFD2083431}
		{01649C4A-9219-37F6-9711-229C69446E1A} = {01649C4A-9219-37F6-9711-229C69446E1A}
	EndProjectSection
EndProject
Project("{8BC9CEB8-8B4A-11D0-8D11-00A0C91BC942}") = "title", "tests\title.vcxproj", "{DFE282BA-A778-39D2-A39C-C2F9D38A80B6}"
	ProjectSection(ProjectDependencies) = postProject
		{FF07E5A2-F4F2-3E93-A271-CBAFD2083431} = {FF07E5A2-F4F2-3E93-A271-CBAFD2083431}
		{01649C4A-9219-37F6-9711-229C69446E1A} = {01649C4A-9219-37F6-9711-229C69446E1A}
	EndProjectSection
EndProject
Project("{8BC9CEB8-8B4A-11D0-8D11-00A0C91BC942}") = "uninstall", "uninstall.vcxproj", "{251BA9EB-BCC5-35BC-81C0-D857841523C6}"
	ProjectSection(ProjectDependencies) = postProject
		{FF07E5A2-F4F2-3E93-A271-CBAFD2083431} = {FF07E5A2-F4F2-3E93-A271-CBAFD2083431}
	EndProjectSection
EndProject
Project("{8BC9CEB8-8B4A-11D0-8D11-00A0C91BC942}") = "wave", "examples\wave.vcxproj", "{3E73E836-B0B8-3782-BA35-AB3403C0D27A}"
	ProjectSection(ProjectDependencies) = postProject
		{FF07E5A2-F4F2-3E93-A271-CBAFD2083431} = {FF07E5A2-F4F2-3E93-A271-CBAFD2083431}
		{01649C4A-9219-37F6-9711-229C69446E1A} = {01649C4A-9219-37F6-9711-229C69446E1A}
	EndProjectSection
EndProject
Project("{8BC9CEB8-8B4A-11D0-8D11-00A0C91BC942}") = "windows", "tests\windows.vcxproj", "{6520831B-A48A-3E44-B881-F11F1718FA49}"
	ProjectSection(ProjectDependencies) = postProject
		{FF07E5A2-F4F2-3E93-A271-CBAFD2083431} = {FF07E5A2-F4F2-3E93-A271-CBAFD2083431}
		{01649C4A-9219-37F6-9711-229C69446E1A} = {01649C4A-9219-37F6-9711-229C69446E1A}
	EndProjectSection
EndProject
Project("{8BC9CEB8-8B4A-11D0-8D11-00A0C91BC942}") = "1.2.hello_triangle", "1.2.hello_triangle\1.2.hello_triangle.vcxproj", "{F5302919-1CE0-4365-918A-90808D7402A6}"
EndProject
Project("{8BC9CEB8-8B4A-11D0-8D11-00A0C91BC942}") = "1.3.shader", "1.3.shader\1.3.shader.vcxproj", "{95EADB19-84DD-4B03-9F11-7FDAC66F1F82}"
EndProject
Project("{8BC9CEB8-8B4A-11D0-8D11-00A0C91BC942}") = "1.1.hello_window", "1.1.hello_window\1.1.hello_window.vcxproj", "{E30528F4-E270-4C6A-87D3-5A4A1CACCFA8}"
EndProject
Project("{8BC9CEB8-8B4A-11D0-8D11-00A0C91BC942}") = "glad", "glad\glad.vcxproj", "{E437F8F8-3944-485B-B94D-D6610B235E9F}"
EndProject
Project("{8BC9CEB8-8B4A-11D0-8D11-00A0C91BC942}") = "1.4.textures", "1.4.textures\1.4.textures.vcxproj", "{BD3101E6-782D-422F-BCC2-C6949B350D58}"
EndProject
Project("{8BC9CEB8-8B4A-11D0-8D11-00A0C91BC942}") = "stb_image", "C:\Users\duoyi\Documents\Visual Studio 2015\Projects\stb_image\stb_image.vcxproj", "{F9672F1F-F49D-448E-9394-5EB0CB1631DC}"
EndProject
Project("{8BC9CEB8-8B4A-11D0-8D11-00A0C91BC942}") = "1.5.transformations", "1.5.transformations\1.5.transformations.vcxproj", "{7C489AD7-C7E3-46D7-B8DF-BF23A2EF84B2}"
EndProject
Project("{8BC9CEB8-8B4A-11D0-8D11-00A0C91BC942}") = "1.6.coordinate_systems", "1.6.coordinate_systems\1.6.coordinate_systems.vcxproj", "{5D239F44-AD92-4FCA-BF20-BA84913B361B}"
EndProject
Project("{8BC9CEB8-8B4A-11D0-8D11-00A0C91BC942}") = "1.7.camera", "1.7.camera\1.7.camera.vcxproj", "{22F72D6F-66E7-4C24-A8C5-9F70CBDADA6F}"
EndProject
Project("{8BC9CEB8-8B4A-11D0-8D11-00A0C91BC942}") = "2.1.colors", "2.1.colors\2.1.colors.vcxproj", "{04DFEED2-B71E-42AF-BD39-FE7CA99811EF}"
EndProject
Project("{8BC9CEB8-8B4A-11D0-8D11-00A0C91BC942}") = "2.2.basic_lighting", "2.2.basic_lighting\2.2.basic_lighting.vcxproj", "{848576BC-D962-46D2-A6F1-03258F04621A}"
EndProject
Project("{8BC9CEB8-8B4A-11D0-8D11-00A0C91BC942}") = "2.3.materials", "2.3.materials\2.3.materials.vcxproj", "{294E30A6-766D-44E7-BF10-FBF9BF10AA9F}"
EndProject
Project("{8BC9CEB8-8B4A-11D0-8D11-00A0C91BC942}") = "2.4.lighting_maps", "2.4.lighting_maps\2.4.lighting_maps.vcxproj", "{D1455B44-D89F-4043-88E2-B28FDA96EB90}"
EndProject
Project("{8BC9CEB8-8B4A-11D0-8D11-00A0C91BC942}") = "2.5.light_casters", "2.5.light_casters\2.5.light_casters.vcxproj", "{8C7EDAAC-62EA-4A10-9321-9950B65D2584}"
EndProject
Project("{8BC9CEB8-8B4A-11D0-8D11-00A0C91BC942}") = "2.6.multiple_lights", "2.6.multiple_lights\2.6.multiple_lights.vcxproj", "{7DDFCB48-722F-4A22-A9E3-243BEC1D4BF6}"
EndProject
Project("{8BC9CEB8-8B4A-11D0-8D11-00A0C91BC942}") = "3.1.model", "3.1.model\3.1.model.vcxproj", "{BE0FFEBD-1251-43CE-8EFC-528AF91F8D90}"
EndProject
Project("{8BC9CEB8-8B4A-11D0-8D11-00A0C91BC942}") = "4.1.depth_testing", "4.1.depth_testing\4.1.depth_testing.vcxproj", "{C34E1958-9D06-429B-BC09-436B38354F62}"
EndProject
Project("{8BC9CEB8-8B4A-11D0-8D11-00A0C91BC942}") = "4.2.stencil_testing", "4.2.stencil_testing\4.2.stencil_testing.vcxproj", "{735CB2C3-A553-41DB-AEB1-B916EDC22A4C}"
EndProject
Project("{8BC9CEB8-8B4A-11D0-8D11-00A0C91BC942}") = "4.3.blending", "4.3.blending\4.3.blending.vcxproj", "{4F6F43A2-7135-42F5-A813-CCC3C5F0B64B}"
EndProject
Project("{8BC9CEB8-8B4A-11D0-8D11-00A0C91BC942}") = "4.4.face_culling", "4.4.face_culling\4.4.face_culling.vcxproj", "{15324296-6115-43AF-8DE7-9B7200AEEF19}"
EndProject
Project("{8BC9CEB8-8B4A-11D0-8D11-00A0C91BC942}") = "4.5.framebuffers", "4.5.framebuffers\4.5.framebuffers.vcxproj", "{F5626F8D-D657-4B07-9022-C33DE0F02669}"
EndProject
Project("{8BC9CEB8-8B4A-11D0-8D11-00A0C91BC942}") = "4.6.cubemaps", "4.6.cubemaps\4.6.cubemaps.vcxproj", "{4CAA078F-F611-42FC-953B-2DCBA1F8137C}"
EndProject
Project("{8BC9CEB8-8B4A-11D0-8D11-00A0C91BC942}") = "4.8.advanced_glsl", "4.8.advanced_glsl\4.8.advanced_glsl.vcxproj", "{B548C874-3973-4FD8-9500-A5048AF66E13}"
EndProject
Project("{8BC9CEB8-8B4A-11D0-8D11-00A0C91BC942}") = "4.9.geometry_shader", "4.9.geometry_shader\4.9.geometry_shader.vcxproj", "{E4E6919C-4C26-4AC2-988A-028C3E8E0644}"
EndProject
Project("{8BC9CEB8-8B4A-11D0-8D11-00A0C91BC942}") = "4.10.instancing", "4.10.instancing\4.10.instancing.vcxproj", "{DEE518BC-194D-49C2-ACCB-4ABA93ABA305}"
EndProject
Project("{8BC9CEB8-8B4A-11D0-8D11-00A0C91BC942}") = "4.11.anti_aliasing", "4.11.anti_aliasing\4.11.anti_aliasing.vcxproj", "{24FF58A7-DABC-4968-8B22-A302ECD9BBE5}"
EndProject
Project("{8BC9CEB8-8B4A-11D0-8D11-00A0C91BC942}") = "5.1.advanced_lighting", "5.1.advanced_lighting\5.1.advanced_lighting.vcxproj", "{6656288B-CBC8-4466-9522-8DDBAC23FBDA}"
EndProject
Global
	GlobalSection(SolutionConfigurationPlatforms) = preSolution
		Debug|Win32 = Debug|Win32
		Debug|x64 = Debug|x64
		MinSizeRel|Win32 = MinSizeRel|Win32
		MinSizeRel|x64 = MinSizeRel|x64
		Release|Win32 = Release|Win32
		Release|x64 = Release|x64
		RelWithDebInfo|Win32 = RelWithDebInfo|Win32
		RelWithDebInfo|x64 = RelWithDebInfo|x64
	EndGlobalSection
	GlobalSection(ProjectConfigurationPlatforms) = postSolution
		{1804603B-99CC-3756-8698-26136F8CE5E0}.Debug|Win32.ActiveCfg = Debug|Win32
		{1804603B-99CC-3756-8698-26136F8CE5E0}.Debug|Win32.Build.0 = Debug|Win32
		{1804603B-99CC-3756-8698-26136F8CE5E0}.Debug|x64.ActiveCfg = Debug|Win32
		{1804603B-99CC-3756-8698-26136F8CE5E0}.MinSizeRel|Win32.ActiveCfg = MinSizeRel|Win32
		{1804603B-99CC-3756-8698-26136F8CE5E0}.MinSizeRel|Win32.Build.0 = MinSizeRel|Win32
		{1804603B-99CC-3756-8698-26136F8CE5E0}.MinSizeRel|x64.ActiveCfg = MinSizeRel|Win32
		{1804603B-99CC-3756-8698-26136F8CE5E0}.Release|Win32.ActiveCfg = Release|Win32
		{1804603B-99CC-3756-8698-26136F8CE5E0}.Release|Win32.Build.0 = Release|Win32
		{1804603B-99CC-3756-8698-26136F8CE5E0}.Release|x64.ActiveCfg = Release|Win32
		{1804603B-99CC-3756-8698-26136F8CE5E0}.RelWithDebInfo|Win32.ActiveCfg = RelWithDebInfo|Win32
		{1804603B-99CC-3756-8698-26136F8CE5E0}.RelWithDebInfo|Win32.Build.0 = RelWithDebInfo|Win32
		{1804603B-99CC-3756-8698-26136F8CE5E0}.RelWithDebInfo|x64.ActiveCfg = RelWithDebInfo|Win32
		{69FB4579-F285-33FC-8AEB-319F91669298}.Debug|Win32.ActiveCfg = Debug|Win32
		{69FB4579-F285-33FC-8AEB-319F91669298}.Debug|x64.ActiveCfg = Debug|Win32
		{69FB4579-F285-33FC-8AEB-319F91669298}.MinSizeRel|Win32.ActiveCfg = MinSizeRel|Win32
		{69FB4579-F285-33FC-8AEB-319F91669298}.MinSizeRel|x64.ActiveCfg = MinSizeRel|Win32
		{69FB4579-F285-33FC-8AEB-319F91669298}.Release|Win32.ActiveCfg = Release|Win32
		{69FB4579-F285-33FC-8AEB-319F91669298}.Release|x64.ActiveCfg = Release|Win32
		{69FB4579-F285-33FC-8AEB-319F91669298}.RelWithDebInfo|Win32.ActiveCfg = RelWithDebInfo|Win32
		{69FB4579-F285-33FC-8AEB-319F91669298}.RelWithDebInfo|x64.ActiveCfg = RelWithDebInfo|Win32
		{FF07E5A2-F4F2-3E93-A271-CBAFD2083431}.Debug|Win32.ActiveCfg = Debug|Win32
		{FF07E5A2-F4F2-3E93-A271-CBAFD2083431}.Debug|Win32.Build.0 = Debug|Win32
		{FF07E5A2-F4F2-3E93-A271-CBAFD2083431}.Debug|x64.ActiveCfg = Debug|Win32
		{FF07E5A2-F4F2-3E93-A271-CBAFD2083431}.MinSizeRel|Win32.ActiveCfg = MinSizeRel|Win32
		{FF07E5A2-F4F2-3E93-A271-CBAFD2083431}.MinSizeRel|Win32.Build.0 = MinSizeRel|Win32
		{FF07E5A2-F4F2-3E93-A271-CBAFD2083431}.MinSizeRel|x64.ActiveCfg = MinSizeRel|Win32
		{FF07E5A2-F4F2-3E93-A271-CBAFD2083431}.Release|Win32.ActiveCfg = Release|Win32
		{FF07E5A2-F4F2-3E93-A271-CBAFD2083431}.Release|Win32.Build.0 = Release|Win32
		{FF07E5A2-F4F2-3E93-A271-CBAFD2083431}.Release|x64.ActiveCfg = Release|Win32
		{FF07E5A2-F4F2-3E93-A271-CBAFD2083431}.RelWithDebInfo|Win32.ActiveCfg = RelWithDebInfo|Win32
		{FF07E5A2-F4F2-3E93-A271-CBAFD2083431}.RelWithDebInfo|Win32.Build.0 = RelWithDebInfo|Win32
		{FF07E5A2-F4F2-3E93-A271-CBAFD2083431}.RelWithDebInfo|x64.ActiveCfg = RelWithDebInfo|Win32
		{6384DE91-6346-395F-ACFB-AFFD2EFDA989}.Debug|Win32.ActiveCfg = Debug|Win32
		{6384DE91-6346-395F-ACFB-AFFD2EFDA989}.Debug|Win32.Build.0 = Debug|Win32
		{6384DE91-6346-395F-ACFB-AFFD2EFDA989}.Debug|x64.ActiveCfg = Debug|Win32
		{6384DE91-6346-395F-ACFB-AFFD2EFDA989}.MinSizeRel|Win32.ActiveCfg = MinSizeRel|Win32
		{6384DE91-6346-395F-ACFB-AFFD2EFDA989}.MinSizeRel|Win32.Build.0 = MinSizeRel|Win32
		{6384DE91-6346-395F-ACFB-AFFD2EFDA989}.MinSizeRel|x64.ActiveCfg = MinSizeRel|Win32
		{6384DE91-6346-395F-ACFB-AFFD2EFDA989}.Release|Win32.ActiveCfg = Release|Win32
		{6384DE91-6346-395F-ACFB-AFFD2EFDA989}.Release|Win32.Build.0 = Release|Win32
		{6384DE91-6346-395F-ACFB-AFFD2EFDA989}.Release|x64.ActiveCfg = Release|Win32
		{6384DE91-6346-395F-ACFB-AFFD2EFDA989}.RelWithDebInfo|Win32.ActiveCfg = RelWithDebInfo|Win32
		{6384DE91-6346-395F-ACFB-AFFD2EFDA989}.RelWithDebInfo|Win32.Build.0 = RelWithDebInfo|Win32
		{6384DE91-6346-395F-ACFB-AFFD2EFDA989}.RelWithDebInfo|x64.ActiveCfg = RelWithDebInfo|Win32
		{19253E23-4D46-341F-9618-1D7AA4E089ED}.Debug|Win32.ActiveCfg = Debug|Win32
		{19253E23-4D46-341F-9618-1D7AA4E089ED}.Debug|Win32.Build.0 = Debug|Win32
		{19253E23-4D46-341F-9618-1D7AA4E089ED}.Debug|x64.ActiveCfg = Debug|Win32
		{19253E23-4D46-341F-9618-1D7AA4E089ED}.MinSizeRel|Win32.ActiveCfg = MinSizeRel|Win32
		{19253E23-4D46-341F-9618-1D7AA4E089ED}.MinSizeRel|Win32.Build.0 = MinSizeRel|Win32
		{19253E23-4D46-341F-9618-1D7AA4E089ED}.MinSizeRel|x64.ActiveCfg = MinSizeRel|Win32
		{19253E23-4D46-341F-9618-1D7AA4E089ED}.Release|Win32.ActiveCfg = Release|Win32
		{19253E23-4D46-341F-9618-1D7AA4E089ED}.Release|Win32.Build.0 = Release|Win32
		{19253E23-4D46-341F-9618-1D7AA4E089ED}.Release|x64.ActiveCfg = Release|Win32
		{19253E23-4D46-341F-9618-1D7AA4E089ED}.RelWithDebInfo|Win32.ActiveCfg = RelWithDebInfo|Win32
		{19253E23-4D46-341F-9618-1D7AA4E089ED}.RelWithDebInfo|Win32.Build.0 = RelWithDebInfo|Win32
		{19253E23-4D46-341F-9618-1D7AA4E089ED}.RelWithDebInfo|x64.ActiveCfg = RelWithDebInfo|Win32
		{F3C97238-039A-3C7C-8569-CCBE8C4DDF26}.Debug|Win32.ActiveCfg = Debug|Win32
		{F3C97238-039A-3C7C-8569-CCBE8C4DDF26}.Debug|Win32.Build.0 = Debug|Win32
		{F3C97238-039A-3C7C-8569-CCBE8C4DDF26}.Debug|x64.ActiveCfg = Debug|Win32
		{F3C97238-039A-3C7C-8569-CCBE8C4DDF26}.MinSizeRel|Win32.ActiveCfg = MinSizeRel|Win32
		{F3C97238-039A-3C7C-8569-CCBE8C4DDF26}.MinSizeRel|Win32.Build.0 = MinSizeRel|Win32
		{F3C97238-039A-3C7C-8569-CCBE8C4DDF26}.MinSizeRel|x64.ActiveCfg = MinSizeRel|Win32
		{F3C97238-039A-3C7C-8569-CCBE8C4DDF26}.Release|Win32.ActiveCfg = Release|Win32
		{F3C97238-039A-3C7C-8569-CCBE8C4DDF26}.Release|Win32.Build.0 = Release|Win32
		{F3C97238-039A-3C7C-8569-CCBE8C4DDF26}.Release|x64.ActiveCfg = Release|Win32
		{F3C97238-039A-3C7C-8569-CCBE8C4DDF26}.RelWithDebInfo|Win32.ActiveCfg = RelWithDebInfo|Win32
		{F3C97238-039A-3C7C-8569-CCBE8C4DDF26}.RelWithDebInfo|Win32.Build.0 = RelWithDebInfo|Win32
		{F3C97238-039A-3C7C-8569-CCBE8C4DDF26}.RelWithDebInfo|x64.ActiveCfg = RelWithDebInfo|Win32
		{1CBDD437-8992-39FD-9E9E-EA63B86B86B5}.Debug|Win32.ActiveCfg = Debug|Win32
		{1CBDD437-8992-39FD-9E9E-EA63B86B86B5}.Debug|Win32.Build.0 = Debug|Win32
		{1CBDD437-8992-39FD-9E9E-EA63B86B86B5}.Debug|x64.ActiveCfg = Debug|Win32
		{1CBDD437-8992-39FD-9E9E-EA63B86B86B5}.MinSizeRel|Win32.ActiveCfg = MinSizeRel|Win32
		{1CBDD437-8992-39FD-9E9E-EA63B86B86B5}.MinSizeRel|Win32.Build.0 = MinSizeRel|Win32
		{1CBDD437-8992-39FD-9E9E-EA63B86B86B5}.MinSizeRel|x64.ActiveCfg = MinSizeRel|Win32
		{1CBDD437-8992-39FD-9E9E-EA63B86B86B5}.Release|Win32.ActiveCfg = Release|Win32
		{1CBDD437-8992-39FD-9E9E-EA63B86B86B5}.Release|Win32.Build.0 = Release|Win32
		{1CBDD437-8992-39FD-9E9E-EA63B86B86B5}.Release|x64.ActiveCfg = Release|Win32
		{1CBDD437-8992-39FD-9E9E-EA63B86B86B5}.RelWithDebInfo|Win32.ActiveCfg = RelWithDebInfo|Win32
		{1CBDD437-8992-39FD-9E9E-EA63B86B86B5}.RelWithDebInfo|Win32.Build.0 = RelWithDebInfo|Win32
		{1CBDD437-8992-39FD-9E9E-EA63B86B86B5}.RelWithDebInfo|x64.ActiveCfg = RelWithDebInfo|Win32
		{D521BED8-5D45-324B-83F5-20D18C336889}.Debug|Win32.ActiveCfg = Debug|Win32
		{D521BED8-5D45-324B-83F5-20D18C336889}.Debug|Win32.Build.0 = Debug|Win32
		{D521BED8-5D45-324B-83F5-20D18C336889}.Debug|x64.ActiveCfg = Debug|Win32
		{D521BED8-5D45-324B-83F5-20D18C336889}.MinSizeRel|Win32.ActiveCfg = MinSizeRel|Win32
		{D521BED8-5D45-324B-83F5-20D18C336889}.MinSizeRel|Win32.Build.0 = MinSizeRel|Win32
		{D521BED8-5D45-324B-83F5-20D18C336889}.MinSizeRel|x64.ActiveCfg = MinSizeRel|Win32
		{D521BED8-5D45-324B-83F5-20D18C336889}.Release|Win32.ActiveCfg = Release|Win32
		{D521BED8-5D45-324B-83F5-20D18C336889}.Release|Win32.Build.0 = Release|Win32
		{D521BED8-5D45-324B-83F5-20D18C336889}.Release|x64.ActiveCfg = Release|Win32
		{D521BED8-5D45-324B-83F5-20D18C336889}.RelWithDebInfo|Win32.ActiveCfg = RelWithDebInfo|Win32
		{D521BED8-5D45-324B-83F5-20D18C336889}.RelWithDebInfo|Win32.Build.0 = RelWithDebInfo|Win32
		{D521BED8-5D45-324B-83F5-20D18C336889}.RelWithDebInfo|x64.ActiveCfg = RelWithDebInfo|Win32
		{3677C993-A30F-3CE0-9C8D-3A66CD6005DE}.Debug|Win32.ActiveCfg = Debug|Win32
		{3677C993-A30F-3CE0-9C8D-3A66CD6005DE}.Debug|Win32.Build.0 = Debug|Win32
		{3677C993-A30F-3CE0-9C8D-3A66CD6005DE}.Debug|x64.ActiveCfg = Debug|Win32
		{3677C993-A30F-3CE0-9C8D-3A66CD6005DE}.MinSizeRel|Win32.ActiveCfg = MinSizeRel|Win32
		{3677C993-A30F-3CE0-9C8D-3A66CD6005DE}.MinSizeRel|Win32.Build.0 = MinSizeRel|Win32
		{3677C993-A30F-3CE0-9C8D-3A66CD6005DE}.MinSizeRel|x64.ActiveCfg = MinSizeRel|Win32
		{3677C993-A30F-3CE0-9C8D-3A66CD6005DE}.Release|Win32.ActiveCfg = Release|Win32
		{3677C993-A30F-3CE0-9C8D-3A66CD6005DE}.Release|Win32.Build.0 = Release|Win32
		{3677C993-A30F-3CE0-9C8D-3A66CD6005DE}.Release|x64.ActiveCfg = Release|Win32
		{3677C993-A30F-3CE0-9C8D-3A66CD6005DE}.RelWithDebInfo|Win32.ActiveCfg = RelWithDebInfo|Win32
		{3677C993-A30F-3CE0-9C8D-3A66CD6005DE}.RelWithDebInfo|Win32.Build.0 = RelWithDebInfo|Win32
		{3677C993-A30F-3CE0-9C8D-3A66CD6005DE}.RelWithDebInfo|x64.ActiveCfg = RelWithDebInfo|Win32
		{B538E28E-E108-3876-81B2-C88901545D8F}.Debug|Win32.ActiveCfg = Debug|Win32
		{B538E28E-E108-3876-81B2-C88901545D8F}.Debug|Win32.Build.0 = Debug|Win32
		{B538E28E-E108-3876-81B2-C88901545D8F}.Debug|x64.ActiveCfg = Debug|Win32
		{B538E28E-E108-3876-81B2-C88901545D8F}.MinSizeRel|Win32.ActiveCfg = MinSizeRel|Win32
		{B538E28E-E108-3876-81B2-C88901545D8F}.MinSizeRel|Win32.Build.0 = MinSizeRel|Win32
		{B538E28E-E108-3876-81B2-C88901545D8F}.MinSizeRel|x64.ActiveCfg = MinSizeRel|Win32
		{B538E28E-E108-3876-81B2-C88901545D8F}.Release|Win32.ActiveCfg = Release|Win32
		{B538E28E-E108-3876-81B2-C88901545D8F}.Release|Win32.Build.0 = Release|Win32
		{B538E28E-E108-3876-81B2-C88901545D8F}.Release|x64.ActiveCfg = Release|Win32
		{B538E28E-E108-3876-81B2-C88901545D8F}.RelWithDebInfo|Win32.ActiveCfg = RelWithDebInfo|Win32
		{B538E28E-E108-3876-81B2-C88901545D8F}.RelWithDebInfo|Win32.Build.0 = RelWithDebInfo|Win32
		{B538E28E-E108-3876-81B2-C88901545D8F}.RelWithDebInfo|x64.ActiveCfg = RelWithDebInfo|Win32
		{01649C4A-9219-37F6-9711-229C69446E1A}.Debug|Win32.ActiveCfg = Debug|Win32
		{01649C4A-9219-37F6-9711-229C69446E1A}.Debug|Win32.Build.0 = Debug|Win32
		{01649C4A-9219-37F6-9711-229C69446E1A}.Debug|x64.ActiveCfg = Debug|Win32
		{01649C4A-9219-37F6-9711-229C69446E1A}.MinSizeRel|Win32.ActiveCfg = MinSizeRel|Win32
		{01649C4A-9219-37F6-9711-229C69446E1A}.MinSizeRel|Win32.Build.0 = MinSizeRel|Win32
		{01649C4A-9219-37F6-9711-229C69446E1A}.MinSizeRel|x64.ActiveCfg = MinSizeRel|Win32
		{01649C4A-9219-37F6-9711-229C69446E1A}.Release|Win32.ActiveCfg = Release|Win32
		{01649C4A-9219-37F6-9711-229C69446E1A}.Release|Win32.Build.0 = Release|Win32
		{01649C4A-9219-37F6-9711-229C69446E1A}.Release|x64.ActiveCfg = Release|Win32
		{01649C4A-9219-37F6-9711-229C69446E1A}.RelWithDebInfo|Win32.ActiveCfg = RelWithDebInfo|Win32
		{01649C4A-9219-37F6-9711-229C69446E1A}.RelWithDebInfo|Win32.Build.0 = RelWithDebInfo|Win32
		{01649C4A-9219-37F6-9711-229C69446E1A}.RelWithDebInfo|x64.ActiveCfg = RelWithDebInfo|Win32
		{874DF05E-E365-32A2-A734-F6298C7C0BDA}.Debug|Win32.ActiveCfg = Debug|Win32
		{874DF05E-E365-32A2-A734-F6298C7C0BDA}.Debug|Win32.Build.0 = Debug|Win32
		{874DF05E-E365-32A2-A734-F6298C7C0BDA}.Debug|x64.ActiveCfg = Debug|Win32
		{874DF05E-E365-32A2-A734-F6298C7C0BDA}.MinSizeRel|Win32.ActiveCfg = MinSizeRel|Win32
		{874DF05E-E365-32A2-A734-F6298C7C0BDA}.MinSizeRel|Win32.Build.0 = MinSizeRel|Win32
		{874DF05E-E365-32A2-A734-F6298C7C0BDA}.MinSizeRel|x64.ActiveCfg = MinSizeRel|Win32
		{874DF05E-E365-32A2-A734-F6298C7C0BDA}.Release|Win32.ActiveCfg = Release|Win32
		{874DF05E-E365-32A2-A734-F6298C7C0BDA}.Release|Win32.Build.0 = Release|Win32
		{874DF05E-E365-32A2-A734-F6298C7C0BDA}.Release|x64.ActiveCfg = Release|Win32
		{874DF05E-E365-32A2-A734-F6298C7C0BDA}.RelWithDebInfo|Win32.ActiveCfg = RelWithDebInfo|Win32
		{874DF05E-E365-32A2-A734-F6298C7C0BDA}.RelWithDebInfo|Win32.Build.0 = RelWithDebInfo|Win32
		{874DF05E-E365-32A2-A734-F6298C7C0BDA}.RelWithDebInfo|x64.ActiveCfg = RelWithDebInfo|Win32
		{A4574088-F2FB-328D-883E-EBDC8BB60F99}.Debug|Win32.ActiveCfg = Debug|Win32
		{A4574088-F2FB-328D-883E-EBDC8BB60F99}.Debug|Win32.Build.0 = Debug|Win32
		{A4574088-F2FB-328D-883E-EBDC8BB60F99}.Debug|x64.ActiveCfg = Debug|Win32
		{A4574088-F2FB-328D-883E-EBDC8BB60F99}.MinSizeRel|Win32.ActiveCfg = MinSizeRel|Win32
		{A4574088-F2FB-328D-883E-EBDC8BB60F99}.MinSizeRel|Win32.Build.0 = MinSizeRel|Win32
		{A4574088-F2FB-328D-883E-EBDC8BB60F99}.MinSizeRel|x64.ActiveCfg = MinSizeRel|Win32
		{A4574088-F2FB-328D-883E-EBDC8BB60F99}.Release|Win32.ActiveCfg = Release|Win32
		{A4574088-F2FB-328D-883E-EBDC8BB60F99}.Release|Win32.Build.0 = Release|Win32
		{A4574088-F2FB-328D-883E-EBDC8BB60F99}.Release|x64.ActiveCfg = Release|Win32
		{A4574088-F2FB-328D-883E-EBDC8BB60F99}.RelWithDebInfo|Win32.ActiveCfg = RelWithDebInfo|Win32
		{A4574088-F2FB-328D-883E-EBDC8BB60F99}.RelWithDebInfo|Win32.Build.0 = RelWithDebInfo|Win32
		{A4574088-F2FB-328D-883E-EBDC8BB60F99}.RelWithDebInfo|x64.ActiveCfg = RelWithDebInfo|Win32
		{19585C79-48F5-3031-AFF4-0323BC8D4D7B}.Debug|Win32.ActiveCfg = Debug|Win32
		{19585C79-48F5-3031-AFF4-0323BC8D4D7B}.Debug|Win32.Build.0 = Debug|Win32
		{19585C79-48F5-3031-AFF4-0323BC8D4D7B}.Debug|x64.ActiveCfg = Debug|Win32
		{19585C79-48F5-3031-AFF4-0323BC8D4D7B}.MinSizeRel|Win32.ActiveCfg = MinSizeRel|Win32
		{19585C79-48F5-3031-AFF4-0323BC8D4D7B}.MinSizeRel|Win32.Build.0 = MinSizeRel|Win32
		{19585C79-48F5-3031-AFF4-0323BC8D4D7B}.MinSizeRel|x64.ActiveCfg = MinSizeRel|Win32
		{19585C79-48F5-3031-AFF4-0323BC8D4D7B}.Release|Win32.ActiveCfg = Release|Win32
		{19585C79-48F5-3031-AFF4-0323BC8D4D7B}.Release|Win32.Build.0 = Release|Win32
		{19585C79-48F5-3031-AFF4-0323BC8D4D7B}.Release|x64.ActiveCfg = Release|Win32
		{19585C79-48F5-3031-AFF4-0323BC8D4D7B}.RelWithDebInfo|Win32.ActiveCfg = RelWithDebInfo|Win32
		{19585C79-48F5-3031-AFF4-0323BC8D4D7B}.RelWithDebInfo|Win32.Build.0 = RelWithDebInfo|Win32
		{19585C79-48F5-3031-AFF4-0323BC8D4D7B}.RelWithDebInfo|x64.ActiveCfg = RelWithDebInfo|Win32
		{E381F944-9186-3509-9404-81893A6453F6}.Debug|Win32.ActiveCfg = Debug|Win32
		{E381F944-9186-3509-9404-81893A6453F6}.Debug|Win32.Build.0 = Debug|Win32
		{E381F944-9186-3509-9404-81893A6453F6}.Debug|x64.ActiveCfg = Debug|Win32
		{E381F944-9186-3509-9404-81893A6453F6}.MinSizeRel|Win32.ActiveCfg = MinSizeRel|Win32
		{E381F944-9186-3509-9404-81893A6453F6}.MinSizeRel|Win32.Build.0 = MinSizeRel|Win32
		{E381F944-9186-3509-9404-81893A6453F6}.MinSizeRel|x64.ActiveCfg = MinSizeRel|Win32
		{E381F944-9186-3509-9404-81893A6453F6}.Release|Win32.ActiveCfg = Release|Win32
		{E381F944-9186-3509-9404-81893A6453F6}.Release|Win32.Build.0 = Release|Win32
		{E381F944-9186-3509-9404-81893A6453F6}.Release|x64.ActiveCfg = Release|Win32
		{E381F944-9186-3509-9404-81893A6453F6}.RelWithDebInfo|Win32.ActiveCfg = RelWithDebInfo|Win32
		{E381F944-9186-3509-9404-81893A6453F6}.RelWithDebInfo|Win32.Build.0 = RelWithDebInfo|Win32
		{E381F944-9186-3509-9404-81893A6453F6}.RelWithDebInfo|x64.ActiveCfg = RelWithDebInfo|Win32
		{53C16D8E-AD56-3712-979B-83095763DBBB}.Debug|Win32.ActiveCfg = Debug|Win32
		{53C16D8E-AD56-3712-979B-83095763DBBB}.Debug|Win32.Build.0 = Debug|Win32
		{53C16D8E-AD56-3712-979B-83095763DBBB}.Debug|x64.ActiveCfg = Debug|Win32
		{53C16D8E-AD56-3712-979B-83095763DBBB}.MinSizeRel|Win32.ActiveCfg = MinSizeRel|Win32
		{53C16D8E-AD56-3712-979B-83095763DBBB}.MinSizeRel|Win32.Build.0 = MinSizeRel|Win32
		{53C16D8E-AD56-3712-979B-83095763DBBB}.MinSizeRel|x64.ActiveCfg = MinSizeRel|Win32
		{53C16D8E-AD56-3712-979B-83095763DBBB}.Release|Win32.ActiveCfg = Release|Win32
		{53C16D8E-AD56-3712-979B-83095763DBBB}.Release|Win32.Build.0 = Release|Win32
		{53C16D8E-AD56-3712-979B-83095763DBBB}.Release|x64.ActiveCfg = Release|Win32
		{53C16D8E-AD56-3712-979B-83095763DBBB}.RelWithDebInfo|Win32.ActiveCfg = RelWithDebInfo|Win32
		{53C16D8E-AD56-3712-979B-83095763DBBB}.RelWithDebInfo|Win32.Build.0 = RelWithDebInfo|Win32
		{53C16D8E-AD56-3712-979B-83095763DBBB}.RelWithDebInfo|x64.ActiveCfg = RelWithDebInfo|Win32
		{E51A58E0-0872-3046-AA00-5468B64BFDE4}.Debug|Win32.ActiveCfg = Debug|Win32
		{E51A58E0-0872-3046-AA00-5468B64BFDE4}.Debug|Win32.Build.0 = Debug|Win32
		{E51A58E0-0872-3046-AA00-5468B64BFDE4}.Debug|x64.ActiveCfg = Debug|Win32
		{E51A58E0-0872-3046-AA00-5468B64BFDE4}.MinSizeRel|Win32.ActiveCfg = MinSizeRel|Win32
		{E51A58E0-0872-3046-AA00-5468B64BFDE4}.MinSizeRel|Win32.Build.0 = MinSizeRel|Win32
		{E51A58E0-0872-3046-AA00-5468B64BFDE4}.MinSizeRel|x64.ActiveCfg = MinSizeRel|Win32
		{E51A58E0-0872-3046-AA00-5468B64BFDE4}.Release|Win32.ActiveCfg = Release|Win32
		{E51A58E0-0872-3046-AA00-5468B64BFDE4}.Release|Win32.Build.0 = Release|Win32
		{E51A58E0-0872-3046-AA00-5468B64BFDE4}.Release|x64.ActiveCfg = Release|Win32
		{E51A58E0-0872-3046-AA00-5468B64BFDE4}.RelWithDebInfo|Win32.ActiveCfg = RelWithDebInfo|Win32
		{E51A58E0-0872-3046-AA00-5468B64BFDE4}.RelWithDebInfo|Win32.Build.0 = RelWithDebInfo|Win32
		{E51A58E0-0872-3046-AA00-5468B64BFDE4}.RelWithDebInfo|x64.ActiveCfg = RelWithDebInfo|Win32
		{502DA5EF-846F-34A6-A02A-6108894A0B2B}.Debug|Win32.ActiveCfg = Debug|Win32
		{502DA5EF-846F-34A6-A02A-6108894A0B2B}.Debug|Win32.Build.0 = Debug|Win32
		{502DA5EF-846F-34A6-A02A-6108894A0B2B}.Debug|x64.ActiveCfg = Debug|Win32
		{502DA5EF-846F-34A6-A02A-6108894A0B2B}.MinSizeRel|Win32.ActiveCfg = MinSizeRel|Win32
		{502DA5EF-846F-34A6-A02A-6108894A0B2B}.MinSizeRel|Win32.Build.0 = MinSizeRel|Win32
		{502DA5EF-846F-34A6-A02A-6108894A0B2B}.MinSizeRel|x64.ActiveCfg = MinSizeRel|Win32
		{502DA5EF-846F-34A6-A02A-6108894A0B2B}.Release|Win32.ActiveCfg = Release|Win32
		{502DA5EF-846F-34A6-A02A-6108894A0B2B}.Release|Win32.Build.0 = Release|Win32
		{502DA5EF-846F-34A6-A02A-6108894A0B2B}.Release|x64.ActiveCfg = Release|Win32
		{502DA5EF-846F-34A6-A02A-6108894A0B2B}.RelWithDebInfo|Win32.ActiveCfg = RelWithDebInfo|Win32
		{502DA5EF-846F-34A6-A02A-6108894A0B2B}.RelWithDebInfo|Win32.Build.0 = RelWithDebInfo|Win32
		{502DA5EF-846F-34A6-A02A-6108894A0B2B}.RelWithDebInfo|x64.ActiveCfg = RelWithDebInfo|Win32
		{877BA258-B8ED-3361-8A7D-53EA81D72FDF}.Debug|Win32.ActiveCfg = Debug|Win32
		{877BA258-B8ED-3361-8A7D-53EA81D72FDF}.Debug|Win32.Build.0 = Debug|Win32
		{877BA258-B8ED-3361-8A7D-53EA81D72FDF}.Debug|x64.ActiveCfg = Debug|Win32
		{877BA258-B8ED-3361-8A7D-53EA81D72FDF}.MinSizeRel|Win32.ActiveCfg = MinSizeRel|Win32
		{877BA258-B8ED-3361-8A7D-53EA81D72FDF}.MinSizeRel|Win32.Build.0 = MinSizeRel|Win32
		{877BA258-B8ED-3361-8A7D-53EA81D72FDF}.MinSizeRel|x64.ActiveCfg = MinSizeRel|Win32
		{877BA258-B8ED-3361-8A7D-53EA81D72FDF}.Release|Win32.ActiveCfg = Release|Win32
		{877BA258-B8ED-3361-8A7D-53EA81D72FDF}.Release|Win32.Build.0 = Release|Win32
		{877BA258-B8ED-3361-8A7D-53EA81D72FDF}.Release|x64.ActiveCfg = Release|Win32
		{877BA258-B8ED-3361-8A7D-53EA81D72FDF}.RelWithDebInfo|Win32.ActiveCfg = RelWithDebInfo|Win32
		{877BA258-B8ED-3361-8A7D-53EA81D72FDF}.RelWithDebInfo|Win32.Build.0 = RelWithDebInfo|Win32
		{877BA258-B8ED-3361-8A7D-53EA81D72FDF}.RelWithDebInfo|x64.ActiveCfg = RelWithDebInfo|Win32
		{98797060-19E6-3625-A2E4-CF5E669D039F}.Debug|Win32.ActiveCfg = Debug|Win32
		{98797060-19E6-3625-A2E4-CF5E669D039F}.Debug|Win32.Build.0 = Debug|Win32
		{98797060-19E6-3625-A2E4-CF5E669D039F}.Debug|x64.ActiveCfg = Debug|Win32
		{98797060-19E6-3625-A2E4-CF5E669D039F}.MinSizeRel|Win32.ActiveCfg = MinSizeRel|Win32
		{98797060-19E6-3625-A2E4-CF5E669D039F}.MinSizeRel|Win32.Build.0 = MinSizeRel|Win32
		{98797060-19E6-3625-A2E4-CF5E669D039F}.MinSizeRel|x64.ActiveCfg = MinSizeRel|Win32
		{98797060-19E6-3625-A2E4-CF5E669D039F}.Release|Win32.ActiveCfg = Release|Win32
		{98797060-19E6-3625-A2E4-CF5E669D039F}.Release|Win32.Build.0 = Release|Win32
		{98797060-19E6-3625-A2E4-CF5E669D039F}.Release|x64.ActiveCfg = Release|Win32
		{98797060-19E6-3625-A2E4-CF5E669D039F}.RelWithDebInfo|Win32.ActiveCfg = RelWithDebInfo|Win32
		{98797060-19E6-3625-A2E4-CF5E669D039F}.RelWithDebInfo|Win32.Build.0 = RelWithDebInfo|Win32
		{98797060-19E6-3625-A2E4-CF5E669D039F}.RelWithDebInfo|x64.ActiveCfg = RelWithDebInfo|Win32
		{F9EB1390-1CA0-3B47-AE0F-38BD755C367C}.Debug|Win32.ActiveCfg = Debug|Win32
		{F9EB1390-1CA0-3B47-AE0F-38BD755C367C}.Debug|Win32.Build.0 = Debug|Win32
		{F9EB1390-1CA0-3B47-AE0F-38BD755C367C}.Debug|x64.ActiveCfg = Debug|Win32
		{F9EB1390-1CA0-3B47-AE0F-38BD755C367C}.MinSizeRel|Win32.ActiveCfg = MinSizeRel|Win32
		{F9EB1390-1CA0-3B47-AE0F-38BD755C367C}.MinSizeRel|Win32.Build.0 = MinSizeRel|Win32
		{F9EB1390-1CA0-3B47-AE0F-38BD755C367C}.MinSizeRel|x64.ActiveCfg = MinSizeRel|Win32
		{F9EB1390-1CA0-3B47-AE0F-38BD755C367C}.Release|Win32.ActiveCfg = Release|Win32
		{F9EB1390-1CA0-3B47-AE0F-38BD755C367C}.Release|Win32.Build.0 = Release|Win32
		{F9EB1390-1CA0-3B47-AE0F-38BD755C367C}.Release|x64.ActiveCfg = Release|Win32
		{F9EB1390-1CA0-3B47-AE0F-38BD755C367C}.RelWithDebInfo|Win32.ActiveCfg = RelWithDebInfo|Win32
		{F9EB1390-1CA0-3B47-AE0F-38BD755C367C}.RelWithDebInfo|Win32.Build.0 = RelWithDebInfo|Win32
		{F9EB1390-1CA0-3B47-AE0F-38BD755C367C}.RelWithDebInfo|x64.ActiveCfg = RelWithDebInfo|Win32
		{88C6086B-68B5-3848-BDE1-3BA70D5CB737}.Debug|Win32.ActiveCfg = Debug|Win32
		{88C6086B-68B5-3848-BDE1-3BA70D5CB737}.Debug|Win32.Build.0 = Debug|Win32
		{88C6086B-68B5-3848-BDE1-3BA70D5CB737}.Debug|x64.ActiveCfg = Debug|Win32
		{88C6086B-68B5-3848-BDE1-3BA70D5CB737}.MinSizeRel|Win32.ActiveCfg = MinSizeRel|Win32
		{88C6086B-68B5-3848-BDE1-3BA70D5CB737}.MinSizeRel|Win32.Build.0 = MinSizeRel|Win32
		{88C6086B-68B5-3848-BDE1-3BA70D5CB737}.MinSizeRel|x64.ActiveCfg = MinSizeRel|Win32
		{88C6086B-68B5-3848-BDE1-3BA70D5CB737}.Release|Win32.ActiveCfg = Release|Win32
		{88C6086B-68B5-3848-BDE1-3BA70D5CB737}.Release|Win32.Build.0 = Release|Win32
		{88C6086B-68B5-3848-BDE1-3BA70D5CB737}.Release|x64.ActiveCfg = Release|Win32
		{88C6086B-68B5-3848-BDE1-3BA70D5CB737}.RelWithDebInfo|Win32.ActiveCfg = RelWithDebInfo|Win32
		{88C6086B-68B5-3848-BDE1-3BA70D5CB737}.RelWithDebInfo|Win32.Build.0 = RelWithDebInfo|Win32
		{88C6086B-68B5-3848-BDE1-3BA70D5CB737}.RelWithDebInfo|x64.ActiveCfg = RelWithDebInfo|Win32
		{FF160F43-B726-38EB-B734-94D24A442DBD}.Debug|Win32.ActiveCfg = Debug|Win32
		{FF160F43-B726-38EB-B734-94D24A442DBD}.Debug|Win32.Build.0 = Debug|Win32
		{FF160F43-B726-38EB-B734-94D24A442DBD}.Debug|x64.ActiveCfg = Debug|Win32
		{FF160F43-B726-38EB-B734-94D24A442DBD}.MinSizeRel|Win32.ActiveCfg = MinSizeRel|Win32
		{FF160F43-B726-38EB-B734-94D24A442DBD}.MinSizeRel|Win32.Build.0 = MinSizeRel|Win32
		{FF160F43-B726-38EB-B734-94D24A442DBD}.MinSizeRel|x64.ActiveCfg = MinSizeRel|Win32
		{FF160F43-B726-38EB-B734-94D24A442DBD}.Release|Win32.ActiveCfg = Release|Win32
		{FF160F43-B726-38EB-B734-94D24A442DBD}.Release|Win32.Build.0 = Release|Win32
		{FF160F43-B726-38EB-B734-94D24A442DBD}.Release|x64.ActiveCfg = Release|Win32
		{FF160F43-B726-38EB-B734-94D24A442DBD}.RelWithDebInfo|Win32.ActiveCfg = RelWithDebInfo|Win32
		{FF160F43-B726-38EB-B734-94D24A442DBD}.RelWithDebInfo|Win32.Build.0 = RelWithDebInfo|Win32
		{FF160F43-B726-38EB-B734-94D24A442DBD}.RelWithDebInfo|x64.ActiveCfg = RelWithDebInfo|Win32
		{627F5795-AB36-3914-8D92-AB897152DC9A}.Debug|Win32.ActiveCfg = Debug|Win32
		{627F5795-AB36-3914-8D92-AB897152DC9A}.Debug|Win32.Build.0 = Debug|Win32
		{627F5795-AB36-3914-8D92-AB897152DC9A}.Debug|x64.ActiveCfg = Debug|Win32
		{627F5795-AB36-3914-8D92-AB897152DC9A}.MinSizeRel|Win32.ActiveCfg = MinSizeRel|Win32
		{627F5795-AB36-3914-8D92-AB897152DC9A}.MinSizeRel|Win32.Build.0 = MinSizeRel|Win32
		{627F5795-AB36-3914-8D92-AB897152DC9A}.MinSizeRel|x64.ActiveCfg = MinSizeRel|Win32
		{627F5795-AB36-3914-8D92-AB897152DC9A}.Release|Win32.ActiveCfg = Release|Win32
		{627F5795-AB36-3914-8D92-AB897152DC9A}.Release|Win32.Build.0 = Release|Win32
		{627F5795-AB36-3914-8D92-AB897152DC9A}.Release|x64.ActiveCfg = Release|Win32
		{627F5795-AB36-3914-8D92-AB897152DC9A}.RelWithDebInfo|Win32.ActiveCfg = RelWithDebInfo|Win32
		{627F5795-AB36-3914-8D92-AB897152DC9A}.RelWithDebInfo|Win32.Build.0 = RelWithDebInfo|Win32
		{627F5795-AB36-3914-8D92-AB897152DC9A}.RelWithDebInfo|x64.ActiveCfg = RelWithDebInfo|Win32
		{B70E17D5-700D-3D15-8D87-5FCCE51C1D8A}.Debug|Win32.ActiveCfg = Debug|Win32
		{B70E17D5-700D-3D15-8D87-5FCCE51C1D8A}.Debug|Win32.Build.0 = Debug|Win32
		{B70E17D5-700D-3D15-8D87-5FCCE51C1D8A}.Debug|x64.ActiveCfg = Debug|Win32
		{B70E17D5-700D-3D15-8D87-5FCCE51C1D8A}.MinSizeRel|Win32.ActiveCfg = MinSizeRel|Win32
		{B70E17D5-700D-3D15-8D87-5FCCE51C1D8A}.MinSizeRel|Win32.Build.0 = MinSizeRel|Win32
		{B70E17D5-700D-3D15-8D87-5FCCE51C1D8A}.MinSizeRel|x64.ActiveCfg = MinSizeRel|Win32
		{B70E17D5-700D-3D15-8D87-5FCCE51C1D8A}.Release|Win32.ActiveCfg = Release|Win32
		{B70E17D5-700D-3D15-8D87-5FCCE51C1D8A}.Release|Win32.Build.0 = Release|Win32
		{B70E17D5-700D-3D15-8D87-5FCCE51C1D8A}.Release|x64.ActiveCfg = Release|Win32
		{B70E17D5-700D-3D15-8D87-5FCCE51C1D8A}.RelWithDebInfo|Win32.ActiveCfg = RelWithDebInfo|Win32
		{B70E17D5-700D-3D15-8D87-5FCCE51C1D8A}.RelWithDebInfo|Win32.Build.0 = RelWithDebInfo|Win32
		{B70E17D5-700D-3D15-8D87-5FCCE51C1D8A}.RelWithDebInfo|x64.ActiveCfg = RelWithDebInfo|Win32
		{250C105E-A649-37D7-883D-2E671E66D864}.Debug|Win32.ActiveCfg = Debug|Win32
		{250C105E-A649-37D7-883D-2E671E66D864}.Debug|Win32.Build.0 = Debug|Win32
		{250C105E-A649-37D7-883D-2E671E66D864}.Debug|x64.ActiveCfg = Debug|Win32
		{250C105E-A649-37D7-883D-2E671E66D864}.MinSizeRel|Win32.ActiveCfg = MinSizeRel|Win32
		{250C105E-A649-37D7-883D-2E671E66D864}.MinSizeRel|Win32.Build.0 = MinSizeRel|Win32
		{250C105E-A649-37D7-883D-2E671E66D864}.MinSizeRel|x64.ActiveCfg = MinSizeRel|Win32
		{250C105E-A649-37D7-883D-2E671E66D864}.Release|Win32.ActiveCfg = Release|Win32
		{250C105E-A649-37D7-883D-2E671E66D864}.Release|Win32.Build.0 = Release|Win32
		{250C105E-A649-37D7-883D-2E671E66D864}.Release|x64.ActiveCfg = Release|Win32
		{250C105E-A649-37D7-883D-2E671E66D864}.RelWithDebInfo|Win32.ActiveCfg = RelWithDebInfo|Win32
		{250C105E-A649-37D7-883D-2E671E66D864}.RelWithDebInfo|Win32.Build.0 = RelWithDebInfo|Win32
		{250C105E-A649-37D7-883D-2E671E66D864}.RelWithDebInfo|x64.ActiveCfg = RelWithDebInfo|Win32
		{DFE282BA-A778-39D2-A39C-C2F9D38A80B6}.Debug|Win32.ActiveCfg = Debug|Win32
		{DFE282BA-A778-39D2-A39C-C2F9D38A80B6}.Debug|Win32.Build.0 = Debug|Win32
		{DFE282BA-A778-39D2-A39C-C2F9D38A80B6}.Debug|x64.ActiveCfg = Debug|Win32
		{DFE282BA-A778-39D2-A39C-C2F9D38A80B6}.MinSizeRel|Win32.ActiveCfg = MinSizeRel|Win32
		{DFE282BA-A778-39D2-A39C-C2F9D38A80B6}.MinSizeRel|Win32.Build.0 = MinSizeRel|Win32
		{DFE282BA-A778-39D2-A39C-C2F9D38A80B6}.MinSizeRel|x64.ActiveCfg = MinSizeRel|Win32
		{DFE282BA-A778-39D2-A39C-C2F9D38A80B6}.Release|Win32.ActiveCfg = Release|Win32
		{DFE282BA-A778-39D2-A39C-C2F9D38A80B6}.Release|Win32.Build.0 = Release|Win32
		{DFE282BA-A778-39D2-A39C-C2F9D38A80B6}.Release|x64.ActiveCfg = Release|Win32
		{DFE282BA-A778-39D2-A39C-C2F9D38A80B6}.RelWithDebInfo|Win32.ActiveCfg = RelWithDebInfo|Win32
		{DFE282BA-A778-39D2-A39C-C2F9D38A80B6}.RelWithDebInfo|Win32.Build.0 = RelWithDebInfo|Win32
		{DFE282BA-A778-39D2-A39C-C2F9D38A80B6}.RelWithDebInfo|x64.ActiveCfg = RelWithDebInfo|Win32
		{251BA9EB-BCC5-35BC-81C0-D857841523C6}.Debug|Win32.ActiveCfg = Debug|Win32
		{251BA9EB-BCC5-35BC-81C0-D857841523C6}.Debug|x64.ActiveCfg = Debug|Win32
		{251BA9EB-BCC5-35BC-81C0-D857841523C6}.MinSizeRel|Win32.ActiveCfg = MinSizeRel|Win32
		{251BA9EB-BCC5-35BC-81C0-D857841523C6}.MinSizeRel|x64.ActiveCfg = MinSizeRel|Win32
		{251BA9EB-BCC5-35BC-81C0-D857841523C6}.Release|Win32.ActiveCfg = Release|Win32
		{251BA9EB-BCC5-35BC-81C0-D857841523C6}.Release|x64.ActiveCfg = Release|Win32
		{251BA9EB-BCC5-35BC-81C0-D857841523C6}.RelWithDebInfo|Win32.ActiveCfg = RelWithDebInfo|Win32
		{251BA9EB-BCC5-35BC-81C0-D857841523C6}.RelWithDebInfo|x64.ActiveCfg = RelWithDebInfo|Win32
		{3E73E836-B0B8-3782-BA35-AB3403C0D27A}.Debug|Win32.ActiveCfg = Debug|Win32
		{3E73E836-B0B8-3782-BA35-AB3403C0D27A}.Debug|Win32.Build.0 = Debug|Win32
		{3E73E836-B0B8-3782-BA35-AB3403C0D27A}.Debug|x64.ActiveCfg = Debug|Win32
		{3E73E836-B0B8-3782-BA35-AB3403C0D27A}.MinSizeRel|Win32.ActiveCfg = MinSizeRel|Win32
		{3E73E836-B0B8-3782-BA35-AB3403C0D27A}.MinSizeRel|Win32.Build.0 = MinSizeRel|Win32
		{3E73E836-B0B8-3782-BA35-AB3403C0D27A}.MinSizeRel|x64.ActiveCfg = MinSizeRel|Win32
		{3E73E836-B0B8-3782-BA35-AB3403C0D27A}.Release|Win32.ActiveCfg = Release|Win32
		{3E73E836-B0B8-3782-BA35-AB3403C0D27A}.Release|Win32.Build.0 = Release|Win32
		{3E73E836-B0B8-3782-BA35-AB3403C0D27A}.Release|x64.ActiveCfg = Release|Win32
		{3E73E836-B0B8-3782-BA35-AB3403C0D27A}.RelWithDebInfo|Win32.ActiveCfg = RelWithDebInfo|Win32
		{3E73E836-B0B8-3782-BA35-AB3403C0D27A}.RelWithDebInfo|Win32.Build.0 = RelWithDebInfo|Win32
		{3E73E836-B0B8-3782-BA35-AB3403C0D27A}.RelWithDebInfo|x64.ActiveCfg = RelWithDebInfo|Win32
		{6520831B-A48A-3E44-B881-F11F1718FA49}.Debug|Win32.ActiveCfg = Debug|Win32
		{6520831B-A48A-3E44-B881-F11F1718FA49}.Debug|Win32.Build.0 = Debug|Win32
		{6520831B-A48A-3E44-B881-F11F1718FA49}.Debug|x64.ActiveCfg = Debug|Win32
		{6520831B-A48A-3E44-B881-F11F1718FA49}.MinSizeRel|Win32.ActiveCfg = MinSizeRel|Win32
		{6520831B-A48A-3E44-B881-F11F1718FA49}.MinSizeRel|Win32.Build.0 = MinSizeRel|Win32
		{6520831B-A48A-3E44-B881-F11F1718FA49}.MinSizeRel|x64.ActiveCfg = MinSizeRel|Win32
		{6520831B-A48A-3E44-B881-F11F1718FA49}.Release|Win32.ActiveCfg = Release|Win32
		{6520831B-A48A-3E44-B881-F11F1718FA49}.Release|Win32.Build.0 = Release|Win32
		{6520831B-A48A-3E44-B881-F11F1718FA49}.Release|x64.ActiveCfg = Release|Win32
		{6520831B-A48A-3E44-B881-F11F1718FA49}.RelWithDebInfo|Win32.ActiveCfg = RelWithDebInfo|Win32
		{6520831B-A48A-3E44-B881-F11F1718FA49}.RelWithDebInfo|Win32.Build.0 = RelWithDebInfo|Win32
		{6520831B-A48A-3E44-B881-F11F1718FA49}.RelWithDebInfo|x64.ActiveCfg = RelWithDebInfo|Win32
		{F5302919-1CE0-4365-918A-90808D7402A6}.Debug|Win32.ActiveCfg = Debug|Win32
		{F5302919-1CE0-4365-918A-90808D7402A6}.Debug|Win32.Build.0 = Debug|Win32
		{F5302919-1CE0-4365-918A-90808D7402A6}.Debug|x64.ActiveCfg = Debug|x64
		{F5302919-1CE0-4365-918A-90808D7402A6}.Debug|x64.Build.0 = Debug|x64
		{F5302919-1CE0-4365-918A-90808D7402A6}.MinSizeRel|Win32.ActiveCfg = Release|Win32
		{F5302919-1CE0-4365-918A-90808D7402A6}.MinSizeRel|Win32.Build.0 = Release|Win32
		{F5302919-1CE0-4365-918A-90808D7402A6}.MinSizeRel|x64.ActiveCfg = Release|x64
		{F5302919-1CE0-4365-918A-90808D7402A6}.MinSizeRel|x64.Build.0 = Release|x64
		{F5302919-1CE0-4365-918A-90808D7402A6}.Release|Win32.ActiveCfg = Release|Win32
		{F5302919-1CE0-4365-918A-90808D7402A6}.Release|Win32.Build.0 = Release|Win32
		{F5302919-1CE0-4365-918A-90808D7402A6}.Release|x64.ActiveCfg = Release|x64
		{F5302919-1CE0-4365-918A-90808D7402A6}.Release|x64.Build.0 = Release|x64
		{F5302919-1CE0-4365-918A-90808D7402A6}.RelWithDebInfo|Win32.ActiveCfg = Release|Win32
		{F5302919-1CE0-4365-918A-90808D7402A6}.RelWithDebInfo|Win32.Build.0 = Release|Win32
		{F5302919-1CE0-4365-918A-90808D7402A6}.RelWithDebInfo|x64.ActiveCfg = Release|x64
		{F5302919-1CE0-4365-918A-90808D7402A6}.RelWithDebInfo|x64.Build.0 = Release|x64
		{95EADB19-84DD-4B03-9F11-7FDAC66F1F82}.Debug|Win32.ActiveCfg = Debug|Win32
		{95EADB19-84DD-4B03-9F11-7FDAC66F1F82}.Debug|Win32.Build.0 = Debug|Win32
		{95EADB19-84DD-4B03-9F11-7FDAC66F1F82}.Debug|x64.ActiveCfg = Debug|x64
		{95EADB19-84DD-4B03-9F11-7FDAC66F1F82}.Debug|x64.Build.0 = Debug|x64
		{95EADB19-84DD-4B03-9F11-7FDAC66F1F82}.MinSizeRel|Win32.ActiveCfg = Release|Win32
		{95EADB19-84DD-4B03-9F11-7FDAC66F1F82}.MinSizeRel|Win32.Build.0 = Release|Win32
		{95EADB19-84DD-4B03-9F11-7FDAC66F1F82}.MinSizeRel|x64.ActiveCfg = Release|x64
		{95EADB19-84DD-4B03-9F11-7FDAC66F1F82}.MinSizeRel|x64.Build.0 = Release|x64
		{95EADB19-84DD-4B03-9F11-7FDAC66F1F82}.Release|Win32.ActiveCfg = Release|Win32
		{95EADB19-84DD-4B03-9F11-7FDAC66F1F82}.Release|Win32.Build.0 = Release|Win32
		{95EADB19-84DD-4B03-9F11-7FDAC66F1F82}.Release|x64.ActiveCfg = Release|x64
		{95EADB19-84DD-4B03-9F11-7FDAC66F1F82}.Release|x64.Build.0 = Release|x64
		{95EADB19-84DD-4B03-9F11-7FDAC66F1F82}.RelWithDebInfo|Win32.ActiveCfg = Release|Win32
		{95EADB19-84DD-4B03-9F11-7FDAC66F1F82}.RelWithDebInfo|Win32.Build.0 = Release|Win32
		{95EADB19-84DD-4B03-9F11-7FDAC66F1F82}.RelWithDebInfo|x64.ActiveCfg = Release|x64
		{95EADB19-84DD-4B03-9F11-7FDAC66F1F82}.RelWithDebInfo|x64.Build.0 = Release|x64
		{E30528F4-E270-4C6A-87D3-5A4A1CACCFA8}.Debug|Win32.ActiveCfg = Debug|Win32
		{E30528F4-E270-4C6A-87D3-5A4A1CACCFA8}.Debug|Win32.Build.0 = Debug|Win32
		{E30528F4-E270-4C6A-87D3-5A4A1CACCFA8}.Debug|x64.ActiveCfg = Debug|x64
		{E30528F4-E270-4C6A-87D3-5A4A1CACCFA8}.Debug|x64.Build.0 = Debug|x64
		{E30528F4-E270-4C6A-87D3-5A4A1CACCFA8}.MinSizeRel|Win32.ActiveCfg = Release|Win32
		{E30528F4-E270-4C6A-87D3-5A4A1CACCFA8}.MinSizeRel|Win32.Build.0 = Release|Win32
		{E30528F4-E270-4C6A-87D3-5A4A1CACCFA8}.MinSizeRel|x64.ActiveCfg = Release|x64
		{E30528F4-E270-4C6A-87D3-5A4A1CACCFA8}.MinSizeRel|x64.Build.0 = Release|x64
		{E30528F4-E270-4C6A-87D3-5A4A1CACCFA8}.Release|Win32.ActiveCfg = Release|Win32
		{E30528F4-E270-4C6A-87D3-5A4A1CACCFA8}.Release|Win32.Build.0 = Release|Win32
		{E30528F4-E270-4C6A-87D3-5A4A1CACCFA8}.Release|x64.ActiveCfg = Release|x64
		{E30528F4-E270-4C6A-87D3-5A4A1CACCFA8}.Release|x64.Build.0 = Release|x64
		{E30528F4-E270-4C6A-87D3-5A4A1CACCFA8}.RelWithDebInfo|Win32.ActiveCfg = Release|Win32
		{E30528F4-E270-4C6A-87D3-5A4A1CACCFA8}.RelWithDebInfo|Win32.Build.0 = Release|Win32
		{E30528F4-E270-4C6A-87D3-5A4A1CACCFA8}.RelWithDebInfo|x64.ActiveCfg = Release|x64
		{E30528F4-E270-4C6A-87D3-5A4A1CACCFA8}.RelWithDebInfo|x64.Build.0 = Release|x64
		{E437F8F8-3944-485B-B94D-D6610B235E9F}.Debug|Win32.ActiveCfg = Debug|Win32
		{E437F8F8-3944-485B-B94D-D6610B235E9F}.Debug|Win32.Build.0 = Debug|Win32
		{E437F8F8-3944-485B-B94D-D6610B235E9F}.Debug|x64.ActiveCfg = Debug|x64
		{E437F8F8-3944-485B-B94D-D6610B235E9F}.Debug|x64.Build.0 = Debug|x64
		{E437F8F8-3944-485B-B94D-D6610B235E9F}.MinSizeRel|Win32.ActiveCfg = Release|Win32
		{E437F8F8-3944-485B-B94D-D6610B235E9F}.MinSizeRel|Win32.Build.0 = Release|Win32
		{E437F8F8-3944-485B-B94D-D6610B235E9F}.MinSizeRel|x64.ActiveCfg = Release|x64
		{E437F8F8-3944-485B-B94D-D6610B235E9F}.MinSizeRel|x64.Build.0 = Release|x64
		{E437F8F8-3944-485B-B94D-D6610B235E9F}.Release|Win32.ActiveCfg = Release|Win32
		{E437F8F8-3944-485B-B94D-D6610B235E9F}.Release|Win32.Build.0 = Release|Win32
		{E437F8F8-3944-485B-B94D-D6610B235E9F}.Release|x64.ActiveCfg = Release|x64
		{E437F8F8-3944-485B-B94D-D6610B235E9F}.Release|x64.Build.0 = Release|x64
		{E437F8F8-3944-485B-B94D-D6610B235E9F}.RelWithDebInfo|Win32.ActiveCfg = Release|Win32
		{E437F8F8-3944-485B-B94D-D6610B235E9F}.RelWithDebInfo|Win32.Build.0 = Release|Win32
		{E437F8F8-3944-485B-B94D-D6610B235E9F}.RelWithDebInfo|x64.ActiveCfg = Release|x64
		{E437F8F8-3944-485B-B94D-D6610B235E9F}.RelWithDebInfo|x64.Build.0 = Release|x64
		{BD3101E6-782D-422F-BCC2-C6949B350D58}.Debug|Win32.ActiveCfg = Debug|Win32
		{BD3101E6-782D-422F-BCC2-C6949B350D58}.Debug|Win32.Build.0 = Debug|Win32
		{BD3101E6-782D-422F-BCC2-C6949B350D58}.Debug|x64.ActiveCfg = Debug|x64
		{BD3101E6-782D-422F-BCC2-C6949B350D58}.Debug|x64.Build.0 = Debug|x64
		{BD3101E6-782D-422F-BCC2-C6949B350D58}.MinSizeRel|Win32.ActiveCfg = Release|Win32
		{BD3101E6-782D-422F-BCC2-C6949B350D58}.MinSizeRel|Win32.Build.0 = Release|Win32
		{BD3101E6-782D-422F-BCC2-C6949B350D58}.MinSizeRel|x64.ActiveCfg = Release|x64
		{BD3101E6-782D-422F-BCC2-C6949B350D58}.MinSizeRel|x64.Build.0 = Release|x64
		{BD3101E6-782D-422F-BCC2-C6949B350D58}.Release|Win32.ActiveCfg = Release|Win32
		{BD3101E6-782D-422F-BCC2-C6949B350D58}.Release|Win32.Build.0 = Release|Win32
		{BD3101E6-782D-422F-BCC2-C6949B350D58}.Release|x64.ActiveCfg = Release|x64
		{BD3101E6-782D-422F-BCC2-C6949B350D58}.Release|x64.Build.0 = Release|x64
		{BD3101E6-782D-422F-BCC2-C6949B350D58}.RelWithDebInfo|Win32.ActiveCfg = Release|Win32
		{BD3101E6-782D-422F-BCC2-C6949B350D58}.RelWithDebInfo|Win32.Build.0 = Release|Win32
		{BD3101E6-782D-422F-BCC2-C6949B350D58}.RelWithDebInfo|x64.ActiveCfg = Release|x64
		{BD3101E6-782D-422F-BCC2-C6949B350D58}.RelWithDebInfo|x64.Build.0 = Release|x64
		{F9672F1F-F49D-448E-9394-5EB0CB1631DC}.Debug|Win32.ActiveCfg = Debug|Win32
		{F9672F1F-F49D-448E-9394-5EB0CB1631DC}.Debug|Win32.Build.0 = Debug|Win32
		{F9672F1F-F49D-448E-9394-5EB0CB1631DC}.Debug|x64.ActiveCfg = Debug|x64
		{F9672F1F-F49D-448E-9394-5EB0CB1631DC}.Debug|x64.Build.0 = Debug|x64
		{F9672F1F-F49D-448E-9394-5EB0CB1631DC}.MinSizeRel|Win32.ActiveCfg = Release|Win32
		{F9672F1F-F49D-448E-9394-5EB0CB1631DC}.MinSizeRel|Win32.Build.0 = Release|Win32
		{F9672F1F-F49D-448E-9394-5EB0CB1631DC}.MinSizeRel|x64.ActiveCfg = Release|x64
		{F9672F1F-F49D-448E-9394-5EB0CB1631DC}.MinSizeRel|x64.Build.0 = Release|x64
		{F9672F1F-F49D-448E-9394-5EB0CB1631DC}.Release|Win32.ActiveCfg = Release|Win32
		{F9672F1F-F49D-448E-9394-5EB0CB1631DC}.Release|Win32.Build.0 = Release|Win32
		{F9672F1F-F49D-448E-9394-5EB0CB1631DC}.Release|x64.ActiveCfg = Release|x64
		{F9672F1F-F49D-448E-9394-5EB0CB1631DC}.Release|x64.Build.0 = Release|x64
		{F9672F1F-F49D-448E-9394-5EB0CB1631DC}.RelWithDebInfo|Win32.ActiveCfg = Release|Win32
		{F9672F1F-F49D-448E-9394-5EB0CB1631DC}.RelWithDebInfo|Win32.Build.0 = Release|Win32
		{F9672F1F-F49D-448E-9394-5EB0CB1631DC}.RelWithDebInfo|x64.ActiveCfg = Release|x64
		{F9672F1F-F49D-448E-9394-5EB0CB1631DC}.RelWithDebInfo|x64.Build.0 = Release|x64
		{7C489AD7-C7E3-46D7-B8DF-BF23A2EF84B2}.Debug|Win32.ActiveCfg = Debug|Win32
		{7C489AD7-C7E3-46D7-B8DF-BF23A2EF84B2}.Debug|Win32.Build.0 = Debug|Win32
		{7C489AD7-C7E3-46D7-B8DF-BF23A2EF84B2}.Debug|x64.ActiveCfg = Debug|x64
		{7C489AD7-C7E3-46D7-B8DF-BF23A2EF84B2}.Debug|x64.Build.0 = Debug|x64
		{7C489AD7-C7E3-46D7-B8DF-BF23A2EF84B2}.MinSizeRel|Win32.ActiveCfg = Release|Win32
		{7C489AD7-C7E3-46D7-B8DF-BF23A2EF84B2}.MinSizeRel|Win32.Build.0 = Release|Win32
		{7C489AD7-C7E3-46D7-B8DF-BF23A2EF84B2}.MinSizeRel|x64.ActiveCfg = Release|x64
		{7C489AD7-C7E3-46D7-B8DF-BF23A2EF84B2}.MinSizeRel|x64.Build.0 = Release|x64
		{7C489AD7-C7E3-46D7-B8DF-BF23A2EF84B2}.Release|Win32.ActiveCfg = Release|Win32
		{7C489AD7-C7E3-46D7-B8DF-BF23A2EF84B2}.Release|Win32.Build.0 = Release|Win32
		{7C489AD7-C7E3-46D7-B8DF-BF23A2EF84B2}.Release|x64.ActiveCfg = Release|x64
		{7C489AD7-C7E3-46D7-B8DF-BF23A2EF84B2}.Release|x64.Build.0 = Release|x64
		{7C489AD7-C7E3-46D7-B8DF-BF23A2EF84B2}.RelWithDebInfo|Win32.ActiveCfg = Release|Win32
		{7C489AD7-C7E3-46D7-B8DF-BF23A2EF84B2}.RelWithDebInfo|Win32.Build.0 = Release|Win32
		{7C489AD7-C7E3-46D7-B8DF-BF23A2EF84B2}.RelWithDebInfo|x64.ActiveCfg = Release|x64
		{7C489AD7-C7E3-46D7-B8DF-BF23A2EF84B2}.RelWithDebInfo|x64.Build.0 = Release|x64
		{5D239F44-AD92-4FCA-BF20-BA84913B361B}.Debug|Win32.ActiveCfg = Debug|Win32
		{5D239F44-AD92-4FCA-BF20-BA84913B361B}.Debug|Win32.Build.0 = Debug|Win32
		{5D239F44-AD92-4FCA-BF20-BA84913B361B}.Debug|x64.ActiveCfg = Debug|x64
		{5D239F44-AD92-4FCA-BF20-BA84913B361B}.Debug|x64.Build.0 = Debug|x64
		{5D239F44-AD92-4FCA-BF20-BA84913B361B}.MinSizeRel|Win32.ActiveCfg = Release|Win32
		{5D239F44-AD92-4FCA-BF20-BA84913B361B}.MinSizeRel|Win32.Build.0 = Release|Win32
		{5D239F44-AD92-4FCA-BF20-BA84913B361B}.MinSizeRel|x64.ActiveCfg = Release|x64
		{5D239F44-AD92-4FCA-BF20-BA84913B361B}.MinSizeRel|x64.Build.0 = Release|x64
		{5D239F44-AD92-4FCA-BF20-BA84913B361B}.Release|Win32.ActiveCfg = Release|Win32
		{5D239F44-AD92-4FCA-BF20-BA84913B361B}.Release|Win32.Build.0 = Release|Win32
		{5D239F44-AD92-4FCA-BF20-BA84913B361B}.Release|x64.ActiveCfg = Release|x64
		{5D239F44-AD92-4FCA-BF20-BA84913B361B}.Release|x64.Build.0 = Release|x64
		{5D239F44-AD92-4FCA-BF20-BA84913B361B}.RelWithDebInfo|Win32.ActiveCfg = Release|Win32
		{5D239F44-AD92-4FCA-BF20-BA84913B361B}.RelWithDebInfo|Win32.Build.0 = Release|Win32
		{5D239F44-AD92-4FCA-BF20-BA84913B361B}.RelWithDebInfo|x64.ActiveCfg = Release|x64
		{5D239F44-AD92-4FCA-BF20-BA84913B361B}.RelWithDebInfo|x64.Build.0 = Release|x64
		{22F72D6F-66E7-4C24-A8C5-9F70CBDADA6F}.Debug|Win32.ActiveCfg = Debug|Win32
		{22F72D6F-66E7-4C24-A8C5-9F70CBDADA6F}.Debug|Win32.Build.0 = Debug|Win32
		{22F72D6F-66E7-4C24-A8C5-9F70CBDADA6F}.Debug|x64.ActiveCfg = Debug|x64
		{22F72D6F-66E7-4C24-A8C5-9F70CBDADA6F}.Debug|x64.Build.0 = Debug|x64
		{22F72D6F-66E7-4C24-A8C5-9F70CBDADA6F}.MinSizeRel|Win32.ActiveCfg = Release|Win32
		{22F72D6F-66E7-4C24-A8C5-9F70CBDADA6F}.MinSizeRel|Win32.Build.0 = Release|Win32
		{22F72D6F-66E7-4C24-A8C5-9F70CBDADA6F}.MinSizeRel|x64.ActiveCfg = Release|x64
		{22F72D6F-66E7-4C24-A8C5-9F70CBDADA6F}.MinSizeRel|x64.Build.0 = Release|x64
		{22F72D6F-66E7-4C24-A8C5-9F70CBDADA6F}.Release|Win32.ActiveCfg = Release|Win32
		{22F72D6F-66E7-4C24-A8C5-9F70CBDADA6F}.Release|Win32.Build.0 = Release|Win32
		{22F72D6F-66E7-4C24-A8C5-9F70CBDADA6F}.Release|x64.ActiveCfg = Release|x64
		{22F72D6F-66E7-4C24-A8C5-9F70CBDADA6F}.Release|x64.Build.0 = Release|x64
		{22F72D6F-66E7-4C24-A8C5-9F70CBDADA6F}.RelWithDebInfo|Win32.ActiveCfg = Release|Win32
		{22F72D6F-66E7-4C24-A8C5-9F70CBDADA6F}.RelWithDebInfo|Win32.Build.0 = Release|Win32
		{22F72D6F-66E7-4C24-A8C5-9F70CBDADA6F}.RelWithDebInfo|x64.ActiveCfg = Release|x64
		{22F72D6F-66E7-4C24-A8C5-9F70CBDADA6F}.RelWithDebInfo|x64.Build.0 = Release|x64
		{04DFEED2-B71E-42AF-BD39-FE7CA99811EF}.Debug|Win32.ActiveCfg = Debug|Win32
		{04DFEED2-B71E-42AF-BD39-FE7CA99811EF}.Debug|Win32.Build.0 = Debug|Win32
		{04DFEED2-B71E-42AF-BD39-FE7CA99811EF}.Debug|x64.ActiveCfg = Debug|x64
		{04DFEED2-B71E-42AF-BD39-FE7CA99811EF}.Debug|x64.Build.0 = Debug|x64
		{04DFEED2-B71E-42AF-BD39-FE7CA99811EF}.MinSizeRel|Win32.ActiveCfg = Release|Win32
		{04DFEED2-B71E-42AF-BD39-FE7CA99811EF}.MinSizeRel|Win32.Build.0 = Release|Win32
		{04DFEED2-B71E-42AF-BD39-FE7CA99811EF}.MinSizeRel|x64.ActiveCfg = Release|x64
		{04DFEED2-B71E-42AF-BD39-FE7CA99811EF}.MinSizeRel|x64.Build.0 = Release|x64
		{04DFEED2-B71E-42AF-BD39-FE7CA99811EF}.Release|Win32.ActiveCfg = Release|Win32
		{04DFEED2-B71E-42AF-BD39-FE7CA99811EF}.Release|Win32.Build.0 = Release|Win32
		{04DFEED2-B71E-42AF-BD39-FE7CA99811EF}.Release|x64.ActiveCfg = Release|x64
		{04DFEED2-B71E-42AF-BD39-FE7CA99811EF}.Release|x64.Build.0 = Release|x64
		{04DFEED2-B71E-42AF-BD39-FE7CA99811EF}.RelWithDebInfo|Win32.ActiveCfg = Release|Win32
		{04DFEED2-B71E-42AF-BD39-FE7CA99811EF}.RelWithDebInfo|Win32.Build.0 = Release|Win32
		{04DFEED2-B71E-42AF-BD39-FE7CA99811EF}.RelWithDebInfo|x64.ActiveCfg = Release|x64
		{04DFEED2-B71E-42AF-BD39-FE7CA99811EF}.RelWithDebInfo|x64.Build.0 = Release|x64
		{848576BC-D962-46D2-A6F1-03258F04621A}.Debug|Win32.ActiveCfg = Debug|Win32
		{848576BC-D962-46D2-A6F1-03258F04621A}.Debug|Win32.Build.0 = Debug|Win32
		{848576BC-D962-46D2-A6F1-03258F04621A}.Debug|x64.ActiveCfg = Debug|x64
		{848576BC-D962-46D2-A6F1-03258F04621A}.Debug|x64.Build.0 = Debug|x64
		{848576BC-D962-46D2-A6F1-03258F04621A}.MinSizeRel|Win32.ActiveCfg = Release|Win32
		{848576BC-D962-46D2-A6F1-03258F04621A}.MinSizeRel|Win32.Build.0 = Release|Win32
		{848576BC-D962-46D2-A6F1-03258F04621A}.MinSizeRel|x64.ActiveCfg = Release|x64
		{848576BC-D962-46D2-A6F1-03258F04621A}.MinSizeRel|x64.Build.0 = Release|x64
		{848576BC-D962-46D2-A6F1-03258F04621A}.Release|Win32.ActiveCfg = Release|Win32
		{848576BC-D962-46D2-A6F1-03258F04621A}.Release|Win32.Build.0 = Release|Win32
		{848576BC-D962-46D2-A6F1-03258F04621A}.Release|x64.ActiveCfg = Release|x64
		{848576BC-D962-46D2-A6F1-03258F04621A}.Release|x64.Build.0 = Release|x64
		{848576BC-D962-46D2-A6F1-03258F04621A}.RelWithDebInfo|Win32.ActiveCfg = Release|Win32
		{848576BC-D962-46D2-A6F1-03258F04621A}.RelWithDebInfo|Win32.Build.0 = Release|Win32
		{848576BC-D962-46D2-A6F1-03258F04621A}.RelWithDebInfo|x64.ActiveCfg = Release|x64
		{848576BC-D962-46D2-A6F1-03258F04621A}.RelWithDebInfo|x64.Build.0 = Release|x64
		{294E30A6-766D-44E7-BF10-FBF9BF10AA9F}.Debug|Win32.ActiveCfg = Debug|Win32
		{294E30A6-766D-44E7-BF10-FBF9BF10AA9F}.Debug|Win32.Build.0 = Debug|Win32
		{294E30A6-766D-44E7-BF10-FBF9BF10AA9F}.Debug|x64.ActiveCfg = Debug|x64
		{294E30A6-766D-44E7-BF10-FBF9BF10AA9F}.Debug|x64.Build.0 = Debug|x64
		{294E30A6-766D-44E7-BF10-FBF9BF10AA9F}.MinSizeRel|Win32.ActiveCfg = Release|Win32
		{294E30A6-766D-44E7-BF10-FBF9BF10AA9F}.MinSizeRel|Win32.Build.0 = Release|Win32
		{294E30A6-766D-44E7-BF10-FBF9BF10AA9F}.MinSizeRel|x64.ActiveCfg = Release|x64
		{294E30A6-766D-44E7-BF10-FBF9BF10AA9F}.MinSizeRel|x64.Build.0 = Release|x64
		{294E30A6-766D-44E7-BF10-FBF9BF10AA9F}.Release|Win32.ActiveCfg = Release|Win32
		{294E30A6-766D-44E7-BF10-FBF9BF10AA9F}.Release|Win32.Build.0 = Release|Win32
		{294E30A6-766D-44E7-BF10-FBF9BF10AA9F}.Release|x64.ActiveCfg = Release|x64
		{294E30A6-766D-44E7-BF10-FBF9BF10AA9F}.Release|x64.Build.0 = Release|x64
		{294E30A6-766D-44E7-BF10-FBF9BF10AA9F}.RelWithDebInfo|Win32.ActiveCfg = Release|Win32
		{294E30A6-766D-44E7-BF10-FBF9BF10AA9F}.RelWithDebInfo|Win32.Build.0 = Release|Win32
		{294E30A6-766D-44E7-BF10-FBF9BF10AA9F}.RelWithDebInfo|x64.ActiveCfg = Release|x64
		{294E30A6-766D-44E7-BF10-FBF9BF10AA9F}.RelWithDebInfo|x64.Build.0 = Release|x64
		{D1455B44-D89F-4043-88E2-B28FDA96EB90}.Debug|Win32.ActiveCfg = Debug|Win32
		{D1455B44-D89F-4043-88E2-B28FDA96EB90}.Debug|Win32.Build.0 = Debug|Win32
		{D1455B44-D89F-4043-88E2-B28FDA96EB90}.Debug|x64.ActiveCfg = Debug|x64
		{D1455B44-D89F-4043-88E2-B28FDA96EB90}.Debug|x64.Build.0 = Debug|x64
		{D1455B44-D89F-4043-88E2-B28FDA96EB90}.MinSizeRel|Win32.ActiveCfg = Release|Win32
		{D1455B44-D89F-4043-88E2-B28FDA96EB90}.MinSizeRel|Win32.Build.0 = Release|Win32
		{D1455B44-D89F-4043-88E2-B28FDA96EB90}.MinSizeRel|x64.ActiveCfg = Release|x64
		{D1455B44-D89F-4043-88E2-B28FDA96EB90}.MinSizeRel|x64.Build.0 = Release|x64
		{D1455B44-D89F-4043-88E2-B28FDA96EB90}.Release|Win32.ActiveCfg = Release|Win32
		{D1455B44-D89F-4043-88E2-B28FDA96EB90}.Release|Win32.Build.0 = Release|Win32
		{D1455B44-D89F-4043-88E2-B28FDA96EB90}.Release|x64.ActiveCfg = Release|x64
		{D1455B44-D89F-4043-88E2-B28FDA96EB90}.Release|x64.Build.0 = Release|x64
		{D1455B44-D89F-4043-88E2-B28FDA96EB90}.RelWithDebInfo|Win32.ActiveCfg = Release|Win32
		{D1455B44-D89F-4043-88E2-B28FDA96EB90}.RelWithDebInfo|Win32.Build.0 = Release|Win32
		{D1455B44-D89F-4043-88E2-B28FDA96EB90}.RelWithDebInfo|x64.ActiveCfg = Release|x64
		{D1455B44-D89F-4043-88E2-B28FDA96EB90}.RelWithDebInfo|x64.Build.0 = Release|x64
		{8C7EDAAC-62EA-4A10-9321-9950B65D2584}.Debug|Win32.ActiveCfg = Debug|Win32
		{8C7EDAAC-62EA-4A10-9321-9950B65D2584}.Debug|Win32.Build.0 = Debug|Win32
		{8C7EDAAC-62EA-4A10-9321-9950B65D2584}.Debug|x64.ActiveCfg = Debug|x64
		{8C7EDAAC-62EA-4A10-9321-9950B65D2584}.Debug|x64.Build.0 = Debug|x64
		{8C7EDAAC-62EA-4A10-9321-9950B65D2584}.MinSizeRel|Win32.ActiveCfg = Release|Win32
		{8C7EDAAC-62EA-4A10-9321-9950B65D2584}.MinSizeRel|Win32.Build.0 = Release|Win32
		{8C7EDAAC-62EA-4A10-9321-9950B65D2584}.MinSizeRel|x64.ActiveCfg = Release|x64
		{8C7EDAAC-62EA-4A10-9321-9950B65D2584}.MinSizeRel|x64.Build.0 = Release|x64
		{8C7EDAAC-62EA-4A10-9321-9950B65D2584}.Release|Win32.ActiveCfg = Release|Win32
		{8C7EDAAC-62EA-4A10-9321-9950B65D2584}.Release|Win32.Build.0 = Release|Win32
		{8C7EDAAC-62EA-4A10-9321-9950B65D2584}.Release|x64.ActiveCfg = Release|x64
		{8C7EDAAC-62EA-4A10-9321-9950B65D2584}.Release|x64.Build.0 = Release|x64
		{8C7EDAAC-62EA-4A10-9321-9950B65D2584}.RelWithDebInfo|Win32.ActiveCfg = Release|Win32
		{8C7EDAAC-62EA-4A10-9321-9950B65D2584}.RelWithDebInfo|Win32.Build.0 = Release|Win32
		{8C7EDAAC-62EA-4A10-9321-9950B65D2584}.RelWithDebInfo|x64.ActiveCfg = Release|x64
		{8C7EDAAC-62EA-4A10-9321-9950B65D2584}.RelWithDebInfo|x64.Build.0 = Release|x64
		{7DDFCB48-722F-4A22-A9E3-243BEC1D4BF6}.Debug|Win32.ActiveCfg = Debug|Win32
		{7DDFCB48-722F-4A22-A9E3-243BEC1D4BF6}.Debug|Win32.Build.0 = Debug|Win32
		{7DDFCB48-722F-4A22-A9E3-243BEC1D4BF6}.Debug|x64.ActiveCfg = Debug|x64
		{7DDFCB48-722F-4A22-A9E3-243BEC1D4BF6}.Debug|x64.Build.0 = Debug|x64
		{7DDFCB48-722F-4A22-A9E3-243BEC1D4BF6}.MinSizeRel|Win32.ActiveCfg = Release|Win32
		{7DDFCB48-722F-4A22-A9E3-243BEC1D4BF6}.MinSizeRel|Win32.Build.0 = Release|Win32
		{7DDFCB48-722F-4A22-A9E3-243BEC1D4BF6}.MinSizeRel|x64.ActiveCfg = Release|x64
		{7DDFCB48-722F-4A22-A9E3-243BEC1D4BF6}.MinSizeRel|x64.Build.0 = Release|x64
		{7DDFCB48-722F-4A22-A9E3-243BEC1D4BF6}.Release|Win32.ActiveCfg = Release|Win32
		{7DDFCB48-722F-4A22-A9E3-243BEC1D4BF6}.Release|Win32.Build.0 = Release|Win32
		{7DDFCB48-722F-4A22-A9E3-243BEC1D4BF6}.Release|x64.ActiveCfg = Release|x64
		{7DDFCB48-722F-4A22-A9E3-243BEC1D4BF6}.Release|x64.Build.0 = Release|x64
		{7DDFCB48-722F-4A22-A9E3-243BEC1D4BF6}.RelWithDebInfo|Win32.ActiveCfg = Release|Win32
		{7DDFCB48-722F-4A22-A9E3-243BEC1D4BF6}.RelWithDebInfo|Win32.Build.0 = Release|Win32
		{7DDFCB48-722F-4A22-A9E3-243BEC1D4BF6}.RelWithDebInfo|x64.ActiveCfg = Release|x64
		{7DDFCB48-722F-4A22-A9E3-243BEC1D4BF6}.RelWithDebInfo|x64.Build.0 = Release|x64
		{BE0FFEBD-1251-43CE-8EFC-528AF91F8D90}.Debug|Win32.ActiveCfg = Debug|Win32
		{BE0FFEBD-1251-43CE-8EFC-528AF91F8D90}.Debug|Win32.Build.0 = Debug|Win32
		{BE0FFEBD-1251-43CE-8EFC-528AF91F8D90}.Debug|x64.ActiveCfg = Debug|x64
		{BE0FFEBD-1251-43CE-8EFC-528AF91F8D90}.Debug|x64.Build.0 = Debug|x64
		{BE0FFEBD-1251-43CE-8EFC-528AF91F8D90}.MinSizeRel|Win32.ActiveCfg = Release|Win32
		{BE0FFEBD-1251-43CE-8EFC-528AF91F8D90}.MinSizeRel|Win32.Build.0 = Release|Win32
		{BE0FFEBD-1251-43CE-8EFC-528AF91F8D90}.MinSizeRel|x64.ActiveCfg = Release|x64
		{BE0FFEBD-1251-43CE-8EFC-528AF91F8D90}.MinSizeRel|x64.Build.0 = Release|x64
		{BE0FFEBD-1251-43CE-8EFC-528AF91F8D90}.Release|Win32.ActiveCfg = Release|Win32
		{BE0FFEBD-1251-43CE-8EFC-528AF91F8D90}.Release|Win32.Build.0 = Release|Win32
		{BE0FFEBD-1251-43CE-8EFC-528AF91F8D90}.Release|x64.ActiveCfg = Release|x64
		{BE0FFEBD-1251-43CE-8EFC-528AF91F8D90}.Release|x64.Build.0 = Release|x64
		{BE0FFEBD-1251-43CE-8EFC-528AF91F8D90}.RelWithDebInfo|Win32.ActiveCfg = Release|Win32
		{BE0FFEBD-1251-43CE-8EFC-528AF91F8D90}.RelWithDebInfo|Win32.Build.0 = Release|Win32
		{BE0FFEBD-1251-43CE-8EFC-528AF91F8D90}.RelWithDebInfo|x64.ActiveCfg = Release|x64
		{BE0FFEBD-1251-43CE-8EFC-528AF91F8D90}.RelWithDebInfo|x64.Build.0 = Release|x64
		{C34E1958-9D06-429B-BC09-436B38354F62}.Debug|Win32.ActiveCfg = Debug|Win32
		{C34E1958-9D06-429B-BC09-436B38354F62}.Debug|Win32.Build.0 = Debug|Win32
		{C34E1958-9D06-429B-BC09-436B38354F62}.Debug|x64.ActiveCfg = Debug|x64
		{C34E1958-9D06-429B-BC09-436B38354F62}.Debug|x64.Build.0 = Debug|x64
		{C34E1958-9D06-429B-BC09-436B38354F62}.MinSizeRel|Win32.ActiveCfg = Release|Win32
		{C34E1958-9D06-429B-BC09-436B38354F62}.MinSizeRel|Win32.Build.0 = Release|Win32
		{C34E1958-9D06-429B-BC09-436B38354F62}.MinSizeRel|x64.ActiveCfg = Release|x64
		{C34E1958-9D06-429B-BC09-436B38354F62}.MinSizeRel|x64.Build.0 = Release|x64
		{C34E1958-9D06-429B-BC09-436B38354F62}.Release|Win32.ActiveCfg = Release|Win32
		{C34E1958-9D06-429B-BC09-436B38354F62}.Release|Win32.Build.0 = Release|Win32
		{C34E1958-9D06-429B-BC09-436B38354F62}.Release|x64.ActiveCfg = Release|x64
		{C34E1958-9D06-429B-BC09-436B38354F62}.Release|x64.Build.0 = Release|x64
		{C34E1958-9D06-429B-BC09-436B38354F62}.RelWithDebInfo|Win32.ActiveCfg = Release|Win32
		{C34E1958-9D06-429B-BC09-436B38354F62}.RelWithDebInfo|Win32.Build.0 = Release|Win32
		{C34E1958-9D06-429B-BC09-436B38354F62}.RelWithDebInfo|x64.ActiveCfg = Release|x64
		{C34E1958-9D06-429B-BC09-436B38354F62}.RelWithDebInfo|x64.Build.0 = Release|x64
		{735CB2C3-A553-41DB-AEB1-B916EDC22A4C}.Debug|Win32.ActiveCfg = Debug|Win32
		{735CB2C3-A553-41DB-AEB1-B916EDC22A4C}.Debug|Win32.Build.0 = Debug|Win32
		{735CB2C3-A553-41DB-AEB1-B916EDC22A4C}.Debug|x64.ActiveCfg = Debug|x64
		{735CB2C3-A553-41DB-AEB1-B916EDC22A4C}.Debug|x64.Build.0 = Debug|x64
		{735CB2C3-A553-41DB-AEB1-B916EDC22A4C}.MinSizeRel|Win32.ActiveCfg = Release|Win32
		{735CB2C3-A553-41DB-AEB1-B916EDC22A4C}.MinSizeRel|Win32.Build.0 = Release|Win32
		{735CB2C3-A553-41DB-AEB1-B916EDC22A4C}.MinSizeRel|x64.ActiveCfg = Release|x64
		{735CB2C3-A553-41DB-AEB1-B916EDC22A4C}.MinSizeRel|x64.Build.0 = Release|x64
		{735CB2C3-A553-41DB-AEB1-B916EDC22A4C}.Release|Win32.ActiveCfg = Release|Win32
		{735CB2C3-A553-41DB-AEB1-B916EDC22A4C}.Release|Win32.Build.0 = Release|Win32
		{735CB2C3-A553-41DB-AEB1-B916EDC22A4C}.Release|x64.ActiveCfg = Release|x64
		{735CB2C3-A553-41DB-AEB1-B916EDC22A4C}.Release|x64.Build.0 = Release|x64
		{735CB2C3-A553-41DB-AEB1-B916EDC22A4C}.RelWithDebInfo|Win32.ActiveCfg = Release|Win32
		{735CB2C3-A553-41DB-AEB1-B916EDC22A4C}.RelWithDebInfo|Win32.Build.0 = Release|Win32
		{735CB2C3-A553-41DB-AEB1-B916EDC22A4C}.RelWithDebInfo|x64.ActiveCfg = Release|x64
		{735CB2C3-A553-41DB-AEB1-B916EDC22A4C}.RelWithDebInfo|x64.Build.0 = Release|x64
		{4F6F43A2-7135-42F5-A813-CCC3C5F0B64B}.Debug|Win32.ActiveCfg = Debug|Win32
		{4F6F43A2-7135-42F5-A813-CCC3C5F0B64B}.Debug|Win32.Build.0 = Debug|Win32
		{4F6F43A2-7135-42F5-A813-CCC3C5F0B64B}.Debug|x64.ActiveCfg = Debug|x64
		{4F6F43A2-7135-42F5-A813-CCC3C5F0B64B}.Debug|x64.Build.0 = Debug|x64
		{4F6F43A2-7135-42F5-A813-CCC3C5F0B64B}.MinSizeRel|Win32.ActiveCfg = Release|Win32
		{4F6F43A2-7135-42F5-A813-CCC3C5F0B64B}.MinSizeRel|Win32.Build.0 = Release|Win32
		{4F6F43A2-7135-42F5-A813-CCC3C5F0B64B}.MinSizeRel|x64.ActiveCfg = Release|x64
		{4F6F43A2-7135-42F5-A813-CCC3C5F0B64B}.MinSizeRel|x64.Build.0 = Release|x64
		{4F6F43A2-7135-42F5-A813-CCC3C5F0B64B}.Release|Win32.ActiveCfg = Release|Win32
		{4F6F43A2-7135-42F5-A813-CCC3C5F0B64B}.Release|Win32.Build.0 = Release|Win32
		{4F6F43A2-7135-42F5-A813-CCC3C5F0B64B}.Release|x64.ActiveCfg = Release|x64
		{4F6F43A2-7135-42F5-A813-CCC3C5F0B64B}.Release|x64.Build.0 = Release|x64
		{4F6F43A2-7135-42F5-A813-CCC3C5F0B64B}.RelWithDebInfo|Win32.ActiveCfg = Release|Win32
		{4F6F43A2-7135-42F5-A813-CCC3C5F0B64B}.RelWithDebInfo|Win32.Build.0 = Release|Win32
		{4F6F43A2-7135-42F5-A813-CCC3C5F0B64B}.RelWithDebInfo|x64.ActiveCfg = Release|x64
		{4F6F43A2-7135-42F5-A813-CCC3C5F0B64B}.RelWithDebInfo|x64.Build.0 = Release|x64
		{15324296-6115-43AF-8DE7-9B7200AEEF19}.Debug|Win32.ActiveCfg = Debug|Win32
		{15324296-6115-43AF-8DE7-9B7200AEEF19}.Debug|Win32.Build.0 = Debug|Win32
		{15324296-6115-43AF-8DE7-9B7200AEEF19}.Debug|x64.ActiveCfg = Debug|x64
		{15324296-6115-43AF-8DE7-9B7200AEEF19}.Debug|x64.Build.0 = Debug|x64
		{15324296-6115-43AF-8DE7-9B7200AEEF19}.MinSizeRel|Win32.ActiveCfg = Release|Win32
		{15324296-6115-43AF-8DE7-9B7200AEEF19}.MinSizeRel|Win32.Build.0 = Release|Win32
		{15324296-6115-43AF-8DE7-9B7200AEEF19}.MinSizeRel|x64.ActiveCfg = Release|x64
		{15324296-6115-43AF-8DE7-9B7200AEEF19}.MinSizeRel|x64.Build.0 = Release|x64
		{15324296-6115-43AF-8DE7-9B7200AEEF19}.Release|Win32.ActiveCfg = Release|Win32
		{15324296-6115-43AF-8DE7-9B7200AEEF19}.Release|Win32.Build.0 = Release|Win32
		{15324296-6115-43AF-8DE7-9B7200AEEF19}.Release|x64.ActiveCfg = Release|x64
		{15324296-6115-43AF-8DE7-9B7200AEEF19}.Release|x64.Build.0 = Release|x64
		{15324296-6115-43AF-8DE7-9B7200AEEF19}.RelWithDebInfo|Win32.ActiveCfg = Release|Win32
		{15324296-6115-43AF-8DE7-9B7200AEEF19}.RelWithDebInfo|Win32.Build.0 = Release|Win32
		{15324296-6115-43AF-8DE7-9B7200AEEF19}.RelWithDebInfo|x64.ActiveCfg = Release|x64
		{15324296-6115-43AF-8DE7-9B7200AEEF19}.RelWithDebInfo|x64.Build.0 = Release|x64
		{F5626F8D-D657-4B07-9022-C33DE0F02669}.Debug|Win32.ActiveCfg = Debug|Win32
		{F5626F8D-D657-4B07-9022-C33DE0F02669}.Debug|Win32.Build.0 = Debug|Win32
		{F5626F8D-D657-4B07-9022-C33DE0F02669}.Debug|x64.ActiveCfg = Debug|x64
		{F5626F8D-D657-4B07-9022-C33DE0F02669}.Debug|x64.Build.0 = Debug|x64
		{F5626F8D-D657-4B07-9022-C33DE0F02669}.MinSizeRel|Win32.ActiveCfg = Release|Win32
		{F5626F8D-D657-4B07-9022-C33DE0F02669}.MinSizeRel|Win32.Build.0 = Release|Win32
		{F5626F8D-D657-4B07-9022-C33DE0F02669}.MinSizeRel|x64.ActiveCfg = Release|x64
		{F5626F8D-D657-4B07-9022-C33DE0F02669}.MinSizeRel|x64.Build.0 = Release|x64
		{F5626F8D-D657-4B07-9022-C33DE0F02669}.Release|Win32.ActiveCfg = Release|Win32
		{F5626F8D-D657-4B07-9022-C33DE0F02669}.Release|Win32.Build.0 = Release|Win32
		{F5626F8D-D657-4B07-9022-C33DE0F02669}.Release|x64.ActiveCfg = Release|x64
		{F5626F8D-D657-4B07-9022-C33DE0F02669}.Release|x64.Build.0 = Release|x64
		{F5626F8D-D657-4B07-9022-C33DE0F02669}.RelWithDebInfo|Win32.ActiveCfg = Release|Win32
		{F5626F8D-D657-4B07-9022-C33DE0F02669}.RelWithDebInfo|Win32.Build.0 = Release|Win32
		{F5626F8D-D657-4B07-9022-C33DE0F02669}.RelWithDebInfo|x64.ActiveCfg = Release|x64
		{F5626F8D-D657-4B07-9022-C33DE0F02669}.RelWithDebInfo|x64.Build.0 = Release|x64
		{4CAA078F-F611-42FC-953B-2DCBA1F8137C}.Debug|Win32.ActiveCfg = Debug|Win32
		{4CAA078F-F611-42FC-953B-2DCBA1F8137C}.Debug|Win32.Build.0 = Debug|Win32
		{4CAA078F-F611-42FC-953B-2DCBA1F8137C}.Debug|x64.ActiveCfg = Debug|x64
		{4CAA078F-F611-42FC-953B-2DCBA1F8137C}.Debug|x64.Build.0 = Debug|x64
		{4CAA078F-F611-42FC-953B-2DCBA1F8137C}.MinSizeRel|Win32.ActiveCfg = Release|Win32
		{4CAA078F-F611-42FC-953B-2DCBA1F8137C}.MinSizeRel|Win32.Build.0 = Release|Win32
		{4CAA078F-F611-42FC-953B-2DCBA1F8137C}.MinSizeRel|x64.ActiveCfg = Release|x64
		{4CAA078F-F611-42FC-953B-2DCBA1F8137C}.MinSizeRel|x64.Build.0 = Release|x64
		{4CAA078F-F611-42FC-953B-2DCBA1F8137C}.Release|Win32.ActiveCfg = Release|Win32
		{4CAA078F-F611-42FC-953B-2DCBA1F8137C}.Release|Win32.Build.0 = Release|Win32
		{4CAA078F-F611-42FC-953B-2DCBA1F8137C}.Release|x64.ActiveCfg = Release|x64
		{4CAA078F-F611-42FC-953B-2DCBA1F8137C}.Release|x64.Build.0 = Release|x64
		{4CAA078F-F611-42FC-953B-2DCBA1F8137C}.RelWithDebInfo|Win32.ActiveCfg = Release|Win32
		{4CAA078F-F611-42FC-953B-2DCBA1F8137C}.RelWithDebInfo|Win32.Build.0 = Release|Win32
		{4CAA078F-F611-42FC-953B-2DCBA1F8137C}.RelWithDebInfo|x64.ActiveCfg = Release|x64
		{4CAA078F-F611-42FC-953B-2DCBA1F8137C}.RelWithDebInfo|x64.Build.0 = Release|x64
		{B548C874-3973-4FD8-9500-A5048AF66E13}.Debug|Win32.ActiveCfg = Debug|Win32
		{B548C874-3973-4FD8-9500-A5048AF66E13}.Debug|Win32.Build.0 = Debug|Win32
		{B548C874-3973-4FD8-9500-A5048AF66E13}.Debug|x64.ActiveCfg = Debug|x64
		{B548C874-3973-4FD8-9500-A5048AF66E13}.Debug|x64.Build.0 = Debug|x64
		{B548C874-3973-4FD8-9500-A5048AF66E13}.MinSizeRel|Win32.ActiveCfg = Release|Win32
		{B548C874-3973-4FD8-9500-A5048AF66E13}.MinSizeRel|Win32.Build.0 = Release|Win32
		{B548C874-3973-4FD8-9500-A5048AF66E13}.MinSizeRel|x64.ActiveCfg = Release|x64
		{B548C874-3973-4FD8-9500-A5048AF66E13}.MinSizeRel|x64.Build.0 = Release|x64
		{B548C874-3973-4FD8-9500-A5048AF66E13}.Release|Win32.ActiveCfg = Release|Win32
		{B548C874-3973-4FD8-9500-A5048AF66E13}.Release|Win32.Build.0 = Release|Win32
		{B548C874-3973-4FD8-9500-A5048AF66E13}.Release|x64.ActiveCfg = Release|x64
		{B548C874-3973-4FD8-9500-A5048AF66E13}.Release|x64.Build.0 = Release|x64
		{B548C874-3973-4FD8-9500-A5048AF66E13}.RelWithDebInfo|Win32.ActiveCfg = Release|Win32
		{B548C874-3973-4FD8-9500-A5048AF66E13}.RelWithDebInfo|Win32.Build.0 = Release|Win32
		{B548C874-3973-4FD8-9500-A5048AF66E13}.RelWithDebInfo|x64.ActiveCfg = Release|x64
		{B548C874-3973-4FD8-9500-A5048AF66E13}.RelWithDebInfo|x64.Build.0 = Release|x64
		{E4E6919C-4C26-4AC2-988A-028C3E8E0644}.Debug|Win32.ActiveCfg = Debug|Win32
		{E4E6919C-4C26-4AC2-988A-028C3E8E0644}.Debug|Win32.Build.0 = Debug|Win32
		{E4E6919C-4C26-4AC2-988A-028C3E8E0644}.Debug|x64.ActiveCfg = Debug|x64
		{E4E6919C-4C26-4AC2-988A-028C3E8E0644}.Debug|x64.Build.0 = Debug|x64
		{E4E6919C-4C26-4AC2-988A-028C3E8E0644}.MinSizeRel|Win32.ActiveCfg = Release|Win32
		{E4E6919C-4C26-4AC2-988A-028C3E8E0644}.MinSizeRel|Win32.Build.0 = Release|Win32
		{E4E6919C-4C26-4AC2-988A-028C3E8E0644}.MinSizeRel|x64.ActiveCfg = Release|x64
		{E4E6919C-4C26-4AC2-988A-028C3E8E0644}.MinSizeRel|x64.Build.0 = Release|x64
		{E4E6919C-4C26-4AC2-988A-028C3E8E0644}.Release|Win32.ActiveCfg = Release|Win32
		{E4E6919C-4C26-4AC2-988A-028C3E8E0644}.Release|Win32.Build.0 = Release|Win32
		{E4E6919C-4C26-4AC2-988A-028C3E8E0644}.Release|x64.ActiveCfg = Release|x64
		{E4E6919C-4C26-4AC2-988A-028C3E8E0644}.Release|x64.Build.0 = Release|x64
		{E4E6919C-4C26-4AC2-988A-028C3E8E0644}.RelWithDebInfo|Win32.ActiveCfg = Release|Win32
		{E4E6919C-4C26-4AC2-988A-028C3E8E0644}.RelWithDebInfo|Win32.Build.0 = Release|Win32
		{E4E6919C-4C26-4AC2-988A-028C3E8E0644}.RelWithDebInfo|x64.ActiveCfg = Release|x64
		{E4E6919C-4C26-4AC2-988A-028C3E8E0644}.RelWithDebInfo|x64.Build.0 = Release|x64
		{DEE518BC-194D-49C2-ACCB-4ABA93ABA305}.Debug|Win32.ActiveCfg = Debug|Win32
		{DEE518BC-194D-49C2-ACCB-4ABA93ABA305}.Debug|Win32.Build.0 = Debug|Win32
		{DEE518BC-194D-49C2-ACCB-4ABA93ABA305}.Debug|x64.ActiveCfg = Debug|x64
		{DEE518BC-194D-49C2-ACCB-4ABA93ABA305}.Debug|x64.Build.0 = Debug|x64
		{DEE518BC-194D-49C2-ACCB-4ABA93ABA305}.MinSizeRel|Win32.ActiveCfg = Release|Win32
		{DEE518BC-194D-49C2-ACCB-4ABA93ABA305}.MinSizeRel|Win32.Build.0 = Release|Win32
		{DEE518BC-194D-49C2-ACCB-4ABA93ABA305}.MinSizeRel|x64.ActiveCfg = Release|x64
		{DEE518BC-194D-49C2-ACCB-4ABA93ABA305}.MinSizeRel|x64.Build.0 = Release|x64
		{DEE518BC-194D-49C2-ACCB-4ABA93ABA305}.Release|Win32.ActiveCfg = Release|Win32
		{DEE518BC-194D-49C2-ACCB-4ABA93ABA305}.Release|Win32.Build.0 = Release|Win32
		{DEE518BC-194D-49C2-ACCB-4ABA93ABA305}.Release|x64.ActiveCfg = Release|x64
		{DEE518BC-194D-49C2-ACCB-4ABA93ABA305}.Release|x64.Build.0 = Release|x64
		{DEE518BC-194D-49C2-ACCB-4ABA93ABA305}.RelWithDebInfo|Win32.ActiveCfg = Release|Win32
		{DEE518BC-194D-49C2-ACCB-4ABA93ABA305}.RelWithDebInfo|Win32.Build.0 = Release|Win32
		{DEE518BC-194D-49C2-ACCB-4ABA93ABA305}.RelWithDebInfo|x64.ActiveCfg = Release|x64
		{DEE518BC-194D-49C2-ACCB-4ABA93ABA305}.RelWithDebInfo|x64.Build.0 = Release|x64
		{24FF58A7-DABC-4968-8B22-A302ECD9BBE5}.Debug|Win32.ActiveCfg = Debug|Win32
		{24FF58A7-DABC-4968-8B22-A302ECD9BBE5}.Debug|Win32.Build.0 = Debug|Win32
		{24FF58A7-DABC-4968-8B22-A302ECD9BBE5}.Debug|x64.ActiveCfg = Debug|x64
		{24FF58A7-DABC-4968-8B22-A302ECD9BBE5}.Debug|x64.Build.0 = Debug|x64
		{24FF58A7-DABC-4968-8B22-A302ECD9BBE5}.MinSizeRel|Win32.ActiveCfg = Release|Win32
		{24FF58A7-DABC-4968-8B22-A302ECD9BBE5}.MinSizeRel|Win32.Build.0 = Release|Win32
		{24FF58A7-DABC-4968-8B22-A302ECD9BBE5}.MinSizeRel|x64.ActiveCfg = Release|x64
		{24FF58A7-DABC-4968-8B22-A302ECD9BBE5}.MinSizeRel|x64.Build.0 = Release|x64
		{24FF58A7-DABC-4968-8B22-A302ECD9BBE5}.Release|Win32.ActiveCfg = Release|Win32
		{24FF58A7-DABC-4968-8B22-A302ECD9BBE5}.Release|Win32.Build.0 = Release|Win32
		{24FF58A7-DABC-4968-8B22-A302ECD9BBE5}.Release|x64.ActiveCfg = Release|x64
		{24FF58A7-DABC-4968-8B22-A302ECD9BBE5}.Release|x64.Build.0 = Release|x64
		{24FF58A7-DABC-4968-8B22-A302ECD9BBE5}.RelWithDebInfo|Win32.ActiveCfg = Release|Win32
		{24FF58A7-DABC-4968-8B22-A302ECD9BBE5}.RelWithDebInfo|Win32.Build.0 = Release|Win32
		{24FF58A7-DABC-4968-8B22-A302ECD9BBE5}.RelWithDebInfo|x64.ActiveCfg = Release|x64
		{24FF58A7-DABC-4968-8B22-A302ECD9BBE5}.RelWithDebInfo|x64.Build.0 = Release|x64
		{6656288B-CBC8-4466-9522-8DDBAC23FBDA}.Debug|Win32.ActiveCfg = Debug|Win32
		{6656288B-CBC8-4466-9522-8DDBAC23FBDA}.Debug|Win32.Build.0 = Debug|Win32
		{6656288B-CBC8-4466-9522-8DDBAC23FBDA}.Debug|x64.ActiveCfg = Debug|x64
		{6656288B-CBC8-4466-9522-8DDBAC23FBDA}.Debug|x64.Build.0 = Debug|x64
		{6656288B-CBC8-4466-9522-8DDBAC23FBDA}.MinSizeRel|Win32.ActiveCfg = Release|Win32
		{6656288B-CBC8-4466-9522-8DDBAC23FBDA}.MinSizeRel|Win32.Build.0 = Release|Win32
		{6656288B-CBC8-4466-9522-8DDBAC23FBDA}.MinSizeRel|x64.ActiveCfg = Release|x64
		{6656288B-CBC8-4466-9522-8DDBAC23FBDA}.MinSizeRel|x64.Build.0 = Release|x64
		{6656288B-CBC8-4466-9522-8DDBAC23FBDA}.Release|Win32.ActiveCfg = Release|Win32
		{6656288B-CBC8-4466-9522-8DDBAC23FBDA}.Release|Win32.Build.0 = Release|Win32
		{6656288B-CBC8-4466-9522-8DDBAC23FBDA}.Release|x64.ActiveCfg = Release|x64
		{6656288B-CBC8-4466-9522-8DDBAC23FBDA}.Release|x64.Build.0 = Release|x64
		{6656288B-CBC8-4466-9522-8DDBAC23FBDA}.RelWithDebInfo|Win32.ActiveCfg = Release|Win32
		{6656288B-CBC8-4466-9522-8DDBAC23FBDA}.RelWithDebInfo|Win32.Build.0 = Release|Win32
		{6656288B-CBC8-4466-9522-8DDBAC23FBDA}.RelWithDebInfo|x64.ActiveCfg = Release|x64
		{6656288B-CBC8-4466-9522-8DDBAC23FBDA}.RelWithDebInfo|x64.Build.0 = Release|x64
	EndGlobalSection
	GlobalSection(SolutionProperties) = preSolution
		HideSolutionNode = FALSE
	EndGlobalSection
	GlobalSection(NestedProjects) = preSolution
		{1F098D90-0D7D-3317-ACD5-2BC06EC453A4} = {9F7FAE01-DFA4-3B7A-B92D-35D3790796BC}
		{9062622A-80F4-372B-AE07-4761A15F1D2F} = {9F7FAE01-DFA4-3B7A-B92D-35D3790796BC}
		{1804603B-99CC-3756-8698-26136F8CE5E0} = {810299B7-A13F-3D89-B623-379B549BB79B}
		{69FB4579-F285-33FC-8AEB-319F91669298} = {810299B7-A13F-3D89-B623-379B549BB79B}
		{FF07E5A2-F4F2-3E93-A271-CBAFD2083431} = {810299B7-A13F-3D89-B623-379B549BB79B}
		{6384DE91-6346-395F-ACFB-AFFD2EFDA989} = {1F098D90-0D7D-3317-ACD5-2BC06EC453A4}
		{19253E23-4D46-341F-9618-1D7AA4E089ED} = {9062622A-80F4-372B-AE07-4761A15F1D2F}
		{F3C97238-039A-3C7C-8569-CCBE8C4DDF26} = {9062622A-80F4-372B-AE07-4761A15F1D2F}
		{1CBDD437-8992-39FD-9E9E-EA63B86B86B5} = {9062622A-80F4-372B-AE07-4761A15F1D2F}
		{D521BED8-5D45-324B-83F5-20D18C336889} = {9062622A-80F4-372B-AE07-4761A15F1D2F}
		{3677C993-A30F-3CE0-9C8D-3A66CD6005DE} = {9062622A-80F4-372B-AE07-4761A15F1D2F}
		{B538E28E-E108-3876-81B2-C88901545D8F} = {1F098D90-0D7D-3317-ACD5-2BC06EC453A4}
		{01649C4A-9219-37F6-9711-229C69446E1A} = {9F7FAE01-DFA4-3B7A-B92D-35D3790796BC}
		{874DF05E-E365-32A2-A734-F6298C7C0BDA} = {9062622A-80F4-372B-AE07-4761A15F1D2F}
		{A4574088-F2FB-328D-883E-EBDC8BB60F99} = {1F098D90-0D7D-3317-ACD5-2BC06EC453A4}
		{19585C79-48F5-3031-AFF4-0323BC8D4D7B} = {9062622A-80F4-372B-AE07-4761A15F1D2F}
		{E381F944-9186-3509-9404-81893A6453F6} = {9062622A-80F4-372B-AE07-4761A15F1D2F}
		{53C16D8E-AD56-3712-979B-83095763DBBB} = {9062622A-80F4-372B-AE07-4761A15F1D2F}
		{E51A58E0-0872-3046-AA00-5468B64BFDE4} = {9062622A-80F4-372B-AE07-4761A15F1D2F}
		{502DA5EF-846F-34A6-A02A-6108894A0B2B} = {9062622A-80F4-372B-AE07-4761A15F1D2F}
		{877BA258-B8ED-3361-8A7D-53EA81D72FDF} = {1F098D90-0D7D-3317-ACD5-2BC06EC453A4}
		{98797060-19E6-3625-A2E4-CF5E669D039F} = {9062622A-80F4-372B-AE07-4761A15F1D2F}
		{F9EB1390-1CA0-3B47-AE0F-38BD755C367C} = {9062622A-80F4-372B-AE07-4761A15F1D2F}
		{88C6086B-68B5-3848-BDE1-3BA70D5CB737} = {1F098D90-0D7D-3317-ACD5-2BC06EC453A4}
		{FF160F43-B726-38EB-B734-94D24A442DBD} = {1F098D90-0D7D-3317-ACD5-2BC06EC453A4}
		{627F5795-AB36-3914-8D92-AB897152DC9A} = {9062622A-80F4-372B-AE07-4761A15F1D2F}
		{B70E17D5-700D-3D15-8D87-5FCCE51C1D8A} = {9062622A-80F4-372B-AE07-4761A15F1D2F}
		{250C105E-A649-37D7-883D-2E671E66D864} = {9062622A-80F4-372B-AE07-4761A15F1D2F}
		{DFE282BA-A778-39D2-A39C-C2F9D38A80B6} = {9062622A-80F4-372B-AE07-4761A15F1D2F}
		{3E73E836-B0B8-3782-BA35-AB3403C0D27A} = {1F098D90-0D7D-3317-ACD5-2BC06EC453A4}
		{6520831B-A48A-3E44-B881-F11F1718FA49} = {9062622A-80F4-372B-AE07-4761A15F1D2F}
	EndGlobalSection
	GlobalSection(ExtensibilityGlobals) = postSolution
		SolutionGuid = {B3322485-C66B-3D94-BD0A-77D5E1B1CEF5}
	EndGlobalSection
EndGlobal
