<?xml version="1.0" encoding="utf-8"?>
<Project ToolsVersion="14.0" xmlns="http://schemas.microsoft.com/developer/msbuild/2003">
  <ItemGroup>
    <CustomBuild Include="E:\MyOpenGL\CMakeFiles\d1a618dcfe63353e8f906c12011393cd\INSTALL_force.rule">
      <Filter>CMake Rules</Filter>
    </CustomBuild>
  </ItemGroup>
  <ItemGroup>
    <Filter Include="CMake Rules">
      <UniqueIdentifier>{089F0390-4C46-3D96-8B54-3FB398B538A6}</UniqueIdentifier>
    </Filter>
  </ItemGroup>
</Project>
